
Microsoft Visual Studio Solution File, Format Version 12.00
# Visual Studio 2012
Project("{8BC9CEB8-8B4A-11D0-8D11-00A0C91BC942}") = "LeEK", "LeEK\LeEK.vcxproj", "{E7F10A7E-EF37-4941-9E11-67B3856D71BE}"
EndProject
Project("{8BC9CEB8-8B4A-11D0-8D11-00A0C91BC942}") = "ModelImporterLibrary", "ModelImporterLibrary\ModelImporterLibrary.vcxproj", "{40B4F97B-3686-4952-861B-13467D7A719C}"
	ProjectSection(ProjectDependencies) = postProject
		{E7F10A7E-EF37-4941-9E11-67B3856D71BE} = {E7F10A7E-EF37-4941-9E11-67B3856D71BE}
	EndProjectSection
EndProject
Project("{FAE04EC0-301F-11D3-BF4B-00C04F79EFBC}") = "ModelTool", "ModelTool\ModelTool.csproj", "{73E253E3-DA35-4EC4-BD93-0ADD9DE598C8}"
	ProjectSection(ProjectDependencies) = postProject
		{40B4F97B-3686-4952-861B-13467D7A719C} = {40B4F97B-3686-4952-861B-13467D7A719C}
	EndProjectSection
EndProject
Project("{8BC9CEB8-8B4A-11D0-8D11-00A0C91BC942}") = "LeEKTesting", "LeEKTesting\LeEKTesting.vcxproj", "{442E1B71-5274-45A3-8530-B133B9360F4E}"
	ProjectSection(ProjectDependencies) = postProject
		{E7F10A7E-EF37-4941-9E11-67B3856D71BE} = {E7F10A7E-EF37-4941-9E11-67B3856D71BE}
	EndProjectSection
EndProject
Global
	GlobalSection(SolutionConfigurationPlatforms) = preSolution
		Debug|Any CPU = Debug|Any CPU
		Debug|Mixed Platforms = Debug|Mixed Platforms
		Debug|Win32 = Debug|Win32
		Debug|x64 = Debug|x64
		MinSizeRel|Any CPU = MinSizeRel|Any CPU
		MinSizeRel|Mixed Platforms = MinSizeRel|Mixed Platforms
		MinSizeRel|Win32 = MinSizeRel|Win32
		MinSizeRel|x64 = MinSizeRel|x64
		Release|Any CPU = Release|Any CPU
		Release|Mixed Platforms = Release|Mixed Platforms
		Release|Win32 = Release|Win32
		Release|x64 = Release|x64
		ReleaseWithDebugData|Any CPU = ReleaseWithDebugData|Any CPU
		ReleaseWithDebugData|Mixed Platforms = ReleaseWithDebugData|Mixed Platforms
		ReleaseWithDebugData|Win32 = ReleaseWithDebugData|Win32
		ReleaseWithDebugData|x64 = ReleaseWithDebugData|x64
		RelWithDebInfo|Any CPU = RelWithDebInfo|Any CPU
		RelWithDebInfo|Mixed Platforms = RelWithDebInfo|Mixed Platforms
		RelWithDebInfo|Win32 = RelWithDebInfo|Win32
		RelWithDebInfo|x64 = RelWithDebInfo|x64
	EndGlobalSection
	GlobalSection(ProjectConfigurationPlatforms) = postSolution
		{E7F10A7E-EF37-4941-9E11-67B3856D71BE}.Debug|Any CPU.ActiveCfg = Debug|Win32
		{E7F10A7E-EF37-4941-9E11-67B3856D71BE}.Debug|Mixed Platforms.ActiveCfg = Debug|Win32
		{E7F10A7E-EF37-4941-9E11-67B3856D71BE}.Debug|Mixed Platforms.Build.0 = Debug|Win32
		{E7F10A7E-EF37-4941-9E11-67B3856D71BE}.Debug|Win32.ActiveCfg = Debug|Win32
		{E7F10A7E-EF37-4941-9E11-67B3856D71BE}.Debug|Win32.Build.0 = Debug|Win32
		{E7F10A7E-EF37-4941-9E11-67B3856D71BE}.Debug|x64.ActiveCfg = Debug|x64
		{E7F10A7E-EF37-4941-9E11-67B3856D71BE}.Debug|x64.Build.0 = Debug|x64
		{E7F10A7E-EF37-4941-9E11-67B3856D71BE}.MinSizeRel|Any CPU.ActiveCfg = Release|Win32
		{E7F10A7E-EF37-4941-9E11-67B3856D71BE}.MinSizeRel|Mixed Platforms.ActiveCfg = Release|Win32
		{E7F10A7E-EF37-4941-9E11-67B3856D71BE}.MinSizeRel|Mixed Platforms.Build.0 = Release|Win32
		{E7F10A7E-EF37-4941-9E11-67B3856D71BE}.MinSizeRel|Win32.ActiveCfg = Release|Win32
		{E7F10A7E-EF37-4941-9E11-67B3856D71BE}.MinSizeRel|Win32.Build.0 = Release|Win32
		{E7F10A7E-EF37-4941-9E11-67B3856D71BE}.MinSizeRel|x64.ActiveCfg = Release|x64
		{E7F10A7E-EF37-4941-9E11-67B3856D71BE}.MinSizeRel|x64.Build.0 = Release|x64
		{E7F10A7E-EF37-4941-9E11-67B3856D71BE}.Release|Any CPU.ActiveCfg = Release|Win32
		{E7F10A7E-EF37-4941-9E11-67B3856D71BE}.Release|Mixed Platforms.ActiveCfg = Release|Win32
		{E7F10A7E-EF37-4941-9E11-67B3856D71BE}.Release|Mixed Platforms.Build.0 = Release|Win32
		{E7F10A7E-EF37-4941-9E11-67B3856D71BE}.Release|Win32.ActiveCfg = Release|Win32
		{E7F10A7E-EF37-4941-9E11-67B3856D71BE}.Release|Win32.Build.0 = Release|Win32
		{E7F10A7E-EF37-4941-9E11-67B3856D71BE}.Release|x64.ActiveCfg = Release|x64
		{E7F10A7E-EF37-4941-9E11-67B3856D71BE}.Release|x64.Build.0 = Release|x64
		{E7F10A7E-EF37-4941-9E11-67B3856D71BE}.ReleaseWithDebugData|Any CPU.ActiveCfg = ReleaseWithDebugData|Win32
		{E7F10A7E-EF37-4941-9E11-67B3856D71BE}.ReleaseWithDebugData|Mixed Platforms.ActiveCfg = ReleaseWithDebugData|Win32
		{E7F10A7E-EF37-4941-9E11-67B3856D71BE}.ReleaseWithDebugData|Mixed Platforms.Build.0 = ReleaseWithDebugData|Win32
		{E7F10A7E-EF37-4941-9E11-67B3856D71BE}.ReleaseWithDebugData|Win32.ActiveCfg = ReleaseWithDebugData|Win32
		{E7F10A7E-EF37-4941-9E11-67B3856D71BE}.ReleaseWithDebugData|Win32.Build.0 = ReleaseWithDebugData|Win32
		{E7F10A7E-EF37-4941-9E11-67B3856D71BE}.ReleaseWithDebugData|x64.ActiveCfg = ReleaseWithDebugData|x64
		{E7F10A7E-EF37-4941-9E11-67B3856D71BE}.ReleaseWithDebugData|x64.Build.0 = ReleaseWithDebugData|x64
		{E7F10A7E-EF37-4941-9E11-67B3856D71BE}.RelWithDebInfo|Any CPU.ActiveCfg = Release|Win32
		{E7F10A7E-EF37-4941-9E11-67B3856D71BE}.RelWithDebInfo|Mixed Platforms.ActiveCfg = Release|Win32
		{E7F10A7E-EF37-4941-9E11-67B3856D71BE}.RelWithDebInfo|Mixed Platforms.Build.0 = Release|Win32
		{E7F10A7E-EF37-4941-9E11-67B3856D71BE}.RelWithDebInfo|Win32.ActiveCfg = Release|Win32
		{E7F10A7E-EF37-4941-9E11-67B3856D71BE}.RelWithDebInfo|Win32.Build.0 = Release|Win32
		{E7F10A7E-EF37-4941-9E11-67B3856D71BE}.RelWithDebInfo|x64.ActiveCfg = Release|x64
		{E7F10A7E-EF37-4941-9E11-67B3856D71BE}.RelWithDebInfo|x64.Build.0 = Release|x64
		{40B4F97B-3686-4952-861B-13467D7A719C}.Debug|Any CPU.ActiveCfg = Debug|Win32
		{40B4F97B-3686-4952-861B-13467D7A719C}.Debug|Mixed Platforms.ActiveCfg = Debug|Win32
		{40B4F97B-3686-4952-861B-13467D7A719C}.Debug|Mixed Platforms.Build.0 = Debug|Win32
		{40B4F97B-3686-4952-861B-13467D7A719C}.Debug|Win32.ActiveCfg = Debug|Win32
		{40B4F97B-3686-4952-861B-13467D7A719C}.Debug|Win32.Build.0 = Debug|Win32
		{40B4F97B-3686-4952-861B-13467D7A719C}.Debug|x64.ActiveCfg = Debug|x64
		{40B4F97B-3686-4952-861B-13467D7A719C}.Debug|x64.Build.0 = Debug|x64
		{40B4F97B-3686-4952-861B-13467D7A719C}.MinSizeRel|Any CPU.ActiveCfg = Release|Win32
		{40B4F97B-3686-4952-861B-13467D7A719C}.MinSizeRel|Mixed Platforms.ActiveCfg = Release|Win32
		{40B4F97B-3686-4952-861B-13467D7A719C}.MinSizeRel|Mixed Platforms.Build.0 = Release|Win32
		{40B4F97B-3686-4952-861B-13467D7A719C}.MinSizeRel|Win32.ActiveCfg = Release|Win32
		{40B4F97B-3686-4952-861B-13467D7A719C}.MinSizeRel|Win32.Build.0 = Release|Win32
		{40B4F97B-3686-4952-861B-13467D7A719C}.MinSizeRel|x64.ActiveCfg = Release|x64
		{40B4F97B-3686-4952-861B-13467D7A719C}.MinSizeRel|x64.Build.0 = Release|x64
		{40B4F97B-3686-4952-861B-13467D7A719C}.Release|Any CPU.ActiveCfg = Release|Win32
		{40B4F97B-3686-4952-861B-13467D7A719C}.Release|Mixed Platforms.ActiveCfg = Release|Win32
		{40B4F97B-3686-4952-861B-13467D7A719C}.Release|Mixed Platforms.Build.0 = Release|Win32
		{40B4F97B-3686-4952-861B-13467D7A719C}.Release|Win32.ActiveCfg = Release|Win32
		{40B4F97B-3686-4952-861B-13467D7A719C}.Release|Win32.Build.0 = Release|Win32
		{40B4F97B-3686-4952-861B-13467D7A719C}.Release|x64.ActiveCfg = Release|x64
		{40B4F97B-3686-4952-861B-13467D7A719C}.Release|x64.Build.0 = Release|x64
		{40B4F97B-3686-4952-861B-13467D7A719C}.ReleaseWithDebugData|Any CPU.ActiveCfg = ReleaseWithDebugData|Win32
		{40B4F97B-3686-4952-861B-13467D7A719C}.ReleaseWithDebugData|Mixed Platforms.ActiveCfg = ReleaseWithDebugData|Win32
		{40B4F97B-3686-4952-861B-13467D7A719C}.ReleaseWithDebugData|Mixed Platforms.Build.0 = ReleaseWithDebugData|Win32
		{40B4F97B-3686-4952-861B-13467D7A719C}.ReleaseWithDebugData|Win32.ActiveCfg = ReleaseWithDebugData|Win32
		{40B4F97B-3686-4952-861B-13467D7A719C}.ReleaseWithDebugData|Win32.Build.0 = ReleaseWithDebugData|Win32
		{40B4F97B-3686-4952-861B-13467D7A719C}.ReleaseWithDebugData|x64.ActiveCfg = ReleaseWithDebugData|x64
		{40B4F97B-3686-4952-861B-13467D7A719C}.ReleaseWithDebugData|x64.Build.0 = ReleaseWithDebugData|x64
		{40B4F97B-3686-4952-861B-13467D7A719C}.RelWithDebInfo|Any CPU.ActiveCfg = Release|Win32
		{40B4F97B-3686-4952-861B-13467D7A719C}.RelWithDebInfo|Mixed Platforms.ActiveCfg = Release|Win32
		{40B4F97B-3686-4952-861B-13467D7A719C}.RelWithDebInfo|Mixed Platforms.Build.0 = Release|Win32
		{40B4F97B-3686-4952-861B-13467D7A719C}.RelWithDebInfo|Win32.ActiveCfg = Release|Win32
		{40B4F97B-3686-4952-861B-13467D7A719C}.RelWithDebInfo|Win32.Build.0 = Release|Win32
		{40B4F97B-3686-4952-861B-13467D7A719C}.RelWithDebInfo|x64.ActiveCfg = Release|x64
		{40B4F97B-3686-4952-861B-13467D7A719C}.RelWithDebInfo|x64.Build.0 = Release|x64
		{73E253E3-DA35-4EC4-BD93-0ADD9DE598C8}.Debug|Any CPU.ActiveCfg = Debug|Any CPU
		{73E253E3-DA35-4EC4-BD93-0ADD9DE598C8}.Debug|Any CPU.Build.0 = Debug|Any CPU
		{73E253E3-DA35-4EC4-BD93-0ADD9DE598C8}.Debug|Mixed Platforms.ActiveCfg = Debug|Any CPU
		{73E253E3-DA35-4EC4-BD93-0ADD9DE598C8}.Debug|Mixed Platforms.Build.0 = Debug|Any CPU
		{73E253E3-DA35-4EC4-BD93-0ADD9DE598C8}.Debug|Win32.ActiveCfg = Debug|Any CPU
		{73E253E3-DA35-4EC4-BD93-0ADD9DE598C8}.Debug|Win32.Build.0 = Debug|Any CPU
		{73E253E3-DA35-4EC4-BD93-0ADD9DE598C8}.Debug|x64.ActiveCfg = Debug|x64
		{73E253E3-DA35-4EC4-BD93-0ADD9DE598C8}.MinSizeRel|Any CPU.ActiveCfg = Release|Any CPU
		{73E253E3-DA35-4EC4-BD93-0ADD9DE598C8}.MinSizeRel|Any CPU.Build.0 = Release|Any CPU
		{73E253E3-DA35-4EC4-BD93-0ADD9DE598C8}.MinSizeRel|Mixed Platforms.ActiveCfg = Release|Any CPU
		{73E253E3-DA35-4EC4-BD93-0ADD9DE598C8}.MinSizeRel|Mixed Platforms.Build.0 = Release|Any CPU
		{73E253E3-DA35-4EC4-BD93-0ADD9DE598C8}.MinSizeRel|Win32.ActiveCfg = Release|Any CPU
		{73E253E3-DA35-4EC4-BD93-0ADD9DE598C8}.MinSizeRel|x64.ActiveCfg = ReleaseWithDebugData|x64
		{73E253E3-DA35-4EC4-BD93-0ADD9DE598C8}.MinSizeRel|x64.Build.0 = ReleaseWithDebugData|x64
		{73E253E3-DA35-4EC4-BD93-0ADD9DE598C8}.Release|Any CPU.ActiveCfg = Release|Any CPU
		{73E253E3-DA35-4EC4-BD93-0ADD9DE598C8}.Release|Any CPU.Build.0 = Release|Any CPU
		{73E253E3-DA35-4EC4-BD93-0ADD9DE598C8}.Release|Mixed Platforms.ActiveCfg = Release|Any CPU
		{73E253E3-DA35-4EC4-BD93-0ADD9DE598C8}.Release|Mixed Platforms.Build.0 = Release|Any CPU
		{73E253E3-DA35-4EC4-BD93-0ADD9DE598C8}.Release|Win32.ActiveCfg = Release|Any CPU
		{73E253E3-DA35-4EC4-BD93-0ADD9DE598C8}.Release|x64.ActiveCfg = Release|x64
		{73E253E3-DA35-4EC4-BD93-0ADD9DE598C8}.ReleaseWithDebugData|Any CPU.ActiveCfg = ReleaseWithDebugData|Any CPU
		{73E253E3-DA35-4EC4-BD93-0ADD9DE598C8}.ReleaseWithDebugData|Any CPU.Build.0 = ReleaseWithDebugData|Any CPU
		{73E253E3-DA35-4EC4-BD93-0ADD9DE598C8}.ReleaseWithDebugData|Mixed Platforms.ActiveCfg = ReleaseWithDebugData|Any CPU
		{73E253E3-DA35-4EC4-BD93-0ADD9DE598C8}.ReleaseWithDebugData|Mixed Platforms.Build.0 = ReleaseWithDebugData|Any CPU
		{73E253E3-DA35-4EC4-BD93-0ADD9DE598C8}.ReleaseWithDebugData|Win32.ActiveCfg = ReleaseWithDebugData|Any CPU
		{73E253E3-DA35-4EC4-BD93-0ADD9DE598C8}.ReleaseWithDebugData|x64.ActiveCfg = ReleaseWithDebugData|x64
		{73E253E3-DA35-4EC4-BD93-0ADD9DE598C8}.RelWithDebInfo|Any CPU.ActiveCfg = Release|Any CPU
		{73E253E3-DA35-4EC4-BD93-0ADD9DE598C8}.RelWithDebInfo|Any CPU.Build.0 = Release|Any CPU
		{73E253E3-DA35-4EC4-BD93-0ADD9DE598C8}.RelWithDebInfo|Mixed Platforms.ActiveCfg = Release|Any CPU
		{73E253E3-DA35-4EC4-BD93-0ADD9DE598C8}.RelWithDebInfo|Mixed Platforms.Build.0 = Release|Any CPU
		{73E253E3-DA35-4EC4-BD93-0ADD9DE598C8}.RelWithDebInfo|Win32.ActiveCfg = Release|Any CPU
		{73E253E3-DA35-4EC4-BD93-0ADD9DE598C8}.RelWithDebInfo|x64.ActiveCfg = ReleaseWithDebugData|x64
		{73E253E3-DA35-4EC4-BD93-0ADD9DE598C8}.RelWithDebInfo|x64.Build.0 = ReleaseWithDebugData|x64
		{442E1B71-5274-45A3-8530-B133B9360F4E}.Debug|Any CPU.ActiveCfg = Debug|Win32
		{442E1B71-5274-45A3-8530-B133B9360F4E}.Debug|Mixed Platforms.ActiveCfg = Debug|Win32
		{442E1B71-5274-45A3-8530-B133B9360F4E}.Debug|Mixed Platforms.Build.0 = Debug|Win32
		{442E1B71-5274-45A3-8530-B133B9360F4E}.Debug|Win32.ActiveCfg = Debug|Win32
		{442E1B71-5274-45A3-8530-B133B9360F4E}.Debug|Win32.Build.0 = Debug|Win32
		{442E1B71-5274-45A3-8530-B133B9360F4E}.Debug|x64.ActiveCfg = Debug|x64
		{442E1B71-5274-45A3-8530-B133B9360F4E}.Debug|x64.Build.0 = Debug|x64
		{442E1B71-5274-45A3-8530-B133B9360F4E}.MinSizeRel|Any CPU.ActiveCfg = Release|Win32
		{442E1B71-5274-45A3-8530-B133B9360F4E}.MinSizeRel|Mixed Platforms.ActiveCfg = Release|Win32
		{442E1B71-5274-45A3-8530-B133B9360F4E}.MinSizeRel|Mixed Platforms.Build.0 = Release|Win32
		{442E1B71-5274-45A3-8530-B133B9360F4E}.MinSizeRel|Win32.ActiveCfg = Release|Win32
		{442E1B71-5274-45A3-8530-B133B9360F4E}.MinSizeRel|Win32.Build.0 = Release|Win32
		{442E1B71-5274-45A3-8530-B133B9360F4E}.MinSizeRel|x64.ActiveCfg = Release|x64
		{442E1B71-5274-45A3-8530-B133B9360F4E}.MinSizeRel|x64.Build.0 = Release|x64
		{442E1B71-5274-45A3-8530-B133B9360F4E}.Release|Any CPU.ActiveCfg = Release|Win32
		{442E1B71-5274-45A3-8530-B133B9360F4E}.Release|Mixed Platforms.ActiveCfg = Release|Win32
		{442E1B71-5274-45A3-8530-B133B9360F4E}.Release|Mixed Platforms.Build.0 = Release|Win32
		{442E1B71-5274-45A3-8530-B133B9360F4E}.Release|Win32.ActiveCfg = Release|Win32
		{442E1B71-5274-45A3-8530-B133B9360F4E}.Release|Win32.Build.0 = Release|Win32
		{442E1B71-5274-45A3-8530-B133B9360F4E}.Release|x64.ActiveCfg = Release|x64
		{442E1B71-5274-45A3-8530-B133B9360F4E}.Release|x64.Build.0 = Release|x64
		{442E1B71-5274-45A3-8530-B133B9360F4E}.ReleaseWithDebugData|Any CPU.ActiveCfg = ReleaseWithDebugData|Win32
		{442E1B71-5274-45A3-8530-B133B9360F4E}.ReleaseWithDebugData|Mixed Platforms.ActiveCfg = ReleaseWithDebugData|Win32
		{442E1B71-5274-45A3-8530-B133B9360F4E}.ReleaseWithDebugData|Mixed Platforms.Build.0 = ReleaseWithDebugData|Win32
		{442E1B71-5274-45A3-8530-B133B9360F4E}.ReleaseWithDebugData|Win32.ActiveCfg = ReleaseWithDebugData|Win32
		{442E1B71-5274-45A3-8530-B133B9360F4E}.ReleaseWithDebugData|Win32.Build.0 = ReleaseWithDebugData|Win32
		{442E1B71-5274-45A3-8530-B133B9360F4E}.ReleaseWithDebugData|x64.ActiveCfg = ReleaseWithDebugData|x64
		{442E1B71-5274-45A3-8530-B133B9360F4E}.ReleaseWithDebugData|x64.Build.0 = ReleaseWithDebugData|x64
		{442E1B71-5274-45A3-8530-B133B9360F4E}.RelWithDebInfo|Any CPU.ActiveCfg = Release|Win32
		{442E1B71-5274-45A3-8530-B133B9360F4E}.RelWithDebInfo|Mixed Platforms.ActiveCfg = Release|Win32
		{442E1B71-5274-45A3-8530-B133B9360F4E}.RelWithDebInfo|Mixed Platforms.Build.0 = Release|Win32
		{442E1B71-5274-45A3-8530-B133B9360F4E}.RelWithDebInfo|Win32.ActiveCfg = Release|Win32
		{442E1B71-5274-45A3-8530-B133B9360F4E}.RelWithDebInfo|Win32.Build.0 = Release|Win32
		{442E1B71-5274-45A3-8530-B133B9360F4E}.RelWithDebInfo|x64.ActiveCfg = Release|x64
		{442E1B71-5274-45A3-8530-B133B9360F4E}.RelWithDebInfo|x64.Build.0 = Release|x64
	EndGlobalSection
	GlobalSection(SolutionProperties) = preSolution
		HideSolutionNode = FALSE
	EndGlobalSection
	GlobalSection(Performance) = preSolution
		HasPerformanceSessions = true
	EndGlobalSection
EndGlobal
