<?xml version="1.0" encoding="utf-8"?>
<Project ToolsVersion="4.0" xmlns="http://schemas.microsoft.com/developer/msbuild/2003">
  <ItemGroup>
    <Filter Include="Source Files">
      <UniqueIdentifier>{4FC737F1-C7A5-4376-A066-2A32D752A2FF}</UniqueIdentifier>
      <Extensions>cpp;c;cc;cxx;def;odl;idl;hpj;bat;asm;asmx</Extensions>
    </Filter>
    <Filter Include="Header Files">
      <UniqueIdentifier>{93995380-89BD-4b04-88EB-625FBE52EBFB}</UniqueIdentifier>
      <Extensions>h;hpp;hxx;hm;inl;inc;xsd</Extensions>
    </Filter>
    <Filter Include="Resource Files">
      <UniqueIdentifier>{67DA6AB6-F800-4c08-8B7A-83BB121AAD01}</UniqueIdentifier>
      <Extensions>rc;ico;cur;bmp;dlg;rc2;rct;bin;rgs;gif;jpg;jpeg;jpe;resx;tiff;tif;png;wav;mfcribbon-ms</Extensions>
    </Filter>
    <Filter Include="Source Files\Math">
      <UniqueIdentifier>{7e0bc78f-6c5d-48a6-8b30-b55d1ecb9ec2}</UniqueIdentifier>
    </Filter>
    <Filter Include="Header Files\Math">
      <UniqueIdentifier>{83f83ad5-d267-487e-8d9c-ac5f4674df4d}</UniqueIdentifier>
    </Filter>
    <Filter Include="Header Files\Strings">
      <UniqueIdentifier>{782d620d-975e-4a1b-82fb-26cc62ff76dd}</UniqueIdentifier>
    </Filter>
    <Filter Include="Header Files\Libraries">
      <UniqueIdentifier>{936d276c-c36a-4561-83d2-ee77ecc9d4c7}</UniqueIdentifier>
    </Filter>
    <Filter Include="Source Files\Libraries">
      <UniqueIdentifier>{5b668db4-1468-4937-98f7-d3700a34de7b}</UniqueIdentifier>
    </Filter>
    <Filter Include="Header Files\Libraries\GL_Loaders">
      <UniqueIdentifier>{dabc9df5-47d8-4007-8799-b42ea8efa87c}</UniqueIdentifier>
    </Filter>
    <Filter Include="Source Files\Libraries\GL_Loaders">
      <UniqueIdentifier>{148c5361-c594-4d34-9364-2fdf04e995a6}</UniqueIdentifier>
    </Filter>
    <Filter Include="Header Files\FileManagement">
      <UniqueIdentifier>{bdc87987-055f-4af2-9d42-6683e6535218}</UniqueIdentifier>
    </Filter>
    <Filter Include="Source Files\FileManagement">
      <UniqueIdentifier>{107e2dc8-d462-4adf-86df-2401e21b2d55}</UniqueIdentifier>
    </Filter>
    <Filter Include="Header Files\Platforms">
      <UniqueIdentifier>{c6119be7-4521-4e1c-9677-f2beccafbc40}</UniqueIdentifier>
    </Filter>
    <Filter Include="Source Files\Platforms">
      <UniqueIdentifier>{b6b0d5a6-ae88-4b6c-a8a4-fc952dc798db}</UniqueIdentifier>
    </Filter>
    <Filter Include="Header Files\Rendering">
      <UniqueIdentifier>{08e68cb9-d6ec-4935-a478-c2e14275c77f}</UniqueIdentifier>
    </Filter>
    <Filter Include="Source Files\Rendering">
      <UniqueIdentifier>{33baa297-2acd-445a-8f94-b4819ca63c10}</UniqueIdentifier>
    </Filter>
    <Filter Include="Source Files\Time">
      <UniqueIdentifier>{86a69752-8c0b-401d-ba25-bdbb905c3253}</UniqueIdentifier>
    </Filter>
    <Filter Include="Header Files\Time">
      <UniqueIdentifier>{aacffa69-094e-4421-8ad6-1b60dbf39bba}</UniqueIdentifier>
    </Filter>
  </ItemGroup>
  <ItemGroup>
    <ClCompile Include="Math\Vector3.cpp">
      <Filter>Source Files\Math</Filter>
    </ClCompile>
    <ClCompile Include="Math\Vector4.cpp">
      <Filter>Source Files\Math</Filter>
    </ClCompile>
    <ClCompile Include="Math\Matrix4x4.cpp">
      <Filter>Source Files\Math</Filter>
    </ClCompile>
    <ClCompile Include="Math\Matrix3x3.cpp">
      <Filter>Source Files\Math</Filter>
    </ClCompile>
    <ClCompile Include="Math\MathFunctions.cpp">
      <Filter>Source Files\Math</Filter>
    </ClCompile>
    <ClCompile Include="Math\Quaternion.cpp">
      <Filter>Source Files\Math</Filter>
    </ClCompile>
    <ClCompile Include="Math\Vector2.cpp">
      <Filter>Source Files\Math</Filter>
    </ClCompile>
    <ClCompile Include="Libraries\GL_Loaders\WGL\wgl_core_4_3.c">
      <Filter>Source Files\Libraries\GL_Loaders</Filter>
    </ClCompile>
    <ClCompile Include="Libraries\GL_Loaders\GLX\glx_core_4_3.c">
      <Filter>Source Files\Libraries\GL_Loaders</Filter>
    </ClCompile>
    <ClCompile Include="Libraries\GL_Loaders\GL\gl_core_4_3.c">
      <Filter>Source Files\Libraries\GL_Loaders</Filter>
    </ClCompile>
    <ClCompile Include="FileManagement\Filesystem.cpp">
      <Filter>Source Files\FileManagement</Filter>
    </ClCompile>
    <ClCompile Include="Time\GameTime.cpp">
      <Filter>Source Files\Time</Filter>
    </ClCompile>
    <ClCompile Include="Time\Duration.cpp">
      <Filter>Source Files\Time</Filter>
    </ClCompile>
    <ClCompile Include="FileManagement\StdLibDataStream.cpp">
      <Filter>Source Files</Filter>
    </ClCompile>
    <ClCompile Include="FileManagement\path.cpp">
      <Filter>Source Files</Filter>
    </ClCompile>
    <ClCompile Include="Rendering\Geometry.cpp">
      <Filter>Source Files</Filter>
    </ClCompile>
    <ClCompile Include="Constants\GraphicsConstants.cpp">
      <Filter>Source Files</Filter>
    </ClCompile>
    <ClCompile Include="MultiThreading\StdThreading.cpp">
      <Filter>Source Files</Filter>
    </ClCompile>
    <ClCompile Include="Physics\Physics.cpp">
      <Filter>Source Files</Filter>
    </ClCompile>
    <ClCompile Include="Libraries\MurmurHash3\MurmurHash3.cpp">
      <Filter>Source Files</Filter>
    </ClCompile>
    <ClCompile Include="Hashing\HashedString.cpp">
      <Filter>Source Files</Filter>
    </ClCompile>
    <ClCompile Include="Hashing\Hash.cpp">
      <Filter>Source Files</Filter>
    </ClCompile>
    <ClCompile Include="Logging\Log.cpp">
      <Filter>Source Files</Filter>
    </ClCompile>
    <ClCompile Include="Memory\Allocator.cpp">
      <Filter>Source Files</Filter>
    </ClCompile>
    <ClCompile Include="Strings\String.cpp">
      <Filter>Source Files</Filter>
    </ClCompile>
    <ClCompile Include="Time\DateTime.cpp">
      <Filter>Source Files</Filter>
    </ClCompile>
    <ClCompile Include="Random\Random.cpp">
      <Filter>Source Files</Filter>
    </ClCompile>
    <ClCompile Include="Stats\FPSCounter.cpp">
      <Filter>Source Files</Filter>
    </ClCompile>
    <ClCompile Include="Stats\StatMonitor.cpp">
      <Filter>Source Files</Filter>
    </ClCompile>
    <ClCompile Include="Stats\Profiling.cpp">
      <Filter>Source Files</Filter>
    </ClCompile>
    <ClCompile Include="Stats\AllocStats.cpp">
      <Filter>Source Files</Filter>
    </ClCompile>
    <ClCompile Include="Config\Config.cpp">
      <Filter>Source Files</Filter>
    </ClCompile>
    <ClCompile Include="Libraries\TinyXML2\tinyxml2.cpp">
      <Filter>Source Files</Filter>
    </ClCompile>
    <ClCompile Include="Input\Input.cpp">
      <Filter>Source Files</Filter>
    </ClCompile>
    <ClCompile Include="Constants\ControllerConstants.cpp">
      <Filter>Source Files</Filter>
    </ClCompile>
    <ClCompile Include="ResourceManagement\Resource.cpp">
      <Filter>Source Files</Filter>
    </ClCompile>
    <ClCompile Include="ResourceManagement\ResourceManager.cpp">
      <Filter>Source Files</Filter>
    </ClCompile>
    <ClCompile Include="Platforms\Win32Helpers.cpp">
      <Filter>Source Files</Filter>
    </ClCompile>
    <ClCompile Include="FileManagement\ArchiveTypes.cpp">
      <Filter>Source Files</Filter>
    </ClCompile>
    <ClCompile Include="ResourceManagement\ResourceArchive.cpp">
      <Filter>Source Files</Filter>
    </ClCompile>
    <ClCompile Include="Strings\StringUtils.cpp">
      <Filter>Source Files</Filter>
    </ClCompile>
    <ClCompile Include="Rendering\Texture.cpp">
      <Filter>Source Files</Filter>
    </ClCompile>
    <ClCompile Include="ResourceManagement\ResourceLoaders.cpp">
      <Filter>Source Files</Filter>
    </ClCompile>
    <ClCompile Include="Rendering\Shader.cpp">
      <Filter>Source Files</Filter>
    </ClCompile>
    <ClCompile Include="GraphicsWrappers\OGLGrpWrapper.cpp">
      <Filter>Source Files\Rendering</Filter>
    </ClCompile>
    <ClCompile Include="Rendering\Model.cpp">
      <Filter>Source Files</Filter>
    </ClCompile>
    <ClCompile Include="FileManagement\ModelFile.cpp">
      <Filter>Source Files</Filter>
    </ClCompile>
    <ClCompile Include="Rendering\Mesh.cpp">
      <Filter>Source Files</Filter>
    </ClCompile>
    <ClCompile Include="Rendering\Color.cpp">
      <Filter>Source Files</Filter>
    </ClCompile>
    <ClCompile Include="Audio\AudioManager.cpp">
      <Filter>Source Files</Filter>
    </ClCompile>
    <ClCompile Include="Audio\SoundInstance.cpp">
      <Filter>Source Files</Filter>
    </ClCompile>
    <ClCompile Include="Audio\SoundResource.cpp">
      <Filter>Source Files</Filter>
    </ClCompile>
    <ClCompile Include="Rendering\Camera\Camera.cpp">
      <Filter>Source Files</Filter>
    </ClCompile>
    <ClCompile Include="GraphicsWrappers\IGraphicsWrapper.cpp">
      <Filter>Source Files</Filter>
    </ClCompile>
    <ClCompile Include="Math\Rectangle.cpp">
      <Filter>Source Files</Filter>
    </ClCompile>
    <ClCompile Include="Rendering\Font.cpp">
      <Filter>Source Files</Filter>
    </ClCompile>
    <ClCompile Include="Rendering\Text.cpp">
      <Filter>Source Files</Filter>
    </ClCompile>
    <ClCompile Include="Rendering\Renderer.cpp">
      <Filter>Source Files</Filter>
    </ClCompile>
    <ClCompile Include="DebugUtils\Assertions.cpp">
      <Filter>Source Files</Filter>
    </ClCompile>
    <ClCompile Include="DataStructures\BinaryTree.cpp">
      <Filter>Source Files</Filter>
    </ClCompile>
    <ClCompile Include="DataStructures\IntrusiveList.cpp">
      <Filter>Source Files</Filter>
    </ClCompile>
    <ClCompile Include="DataStructures\RedBlackTreeBase.cpp">
      <Filter>Source Files</Filter>
    </ClCompile>
    <ClCompile Include="GraphicsWrappers\Batch.cpp">
      <Filter>Source Files</Filter>
    </ClCompile>
    <ClCompile Include="Rendering\Bounds\Bounds.cpp">
      <Filter>Source Files</Filter>
    </ClCompile>
    <ClCompile Include="Rendering\Bounds\SphereBounds.cpp">
      <Filter>Source Files</Filter>
    </ClCompile>
    <ClCompile Include="Rendering\Bounds\AABBBounds.cpp">
      <Filter>Source Files</Filter>
    </ClCompile>
    <ClCompile Include="Rendering\Culling\Culler.cpp">
      <Filter>Source Files</Filter>
    </ClCompile>
    <ClCompile Include="Rendering\Culling\OcTreeCuller.cpp">
      <Filter>Source Files</Filter>
    </ClCompile>
    <ClCompile Include="Math\Plane.cpp">
      <Filter>Source Files</Filter>
    </ClCompile>
    <ClCompile Include="DataStructures\OcTreeNode.cpp">
      <Filter>Source Files</Filter>
    </ClCompile>
    <ClCompile Include="DataStructures\OcTree.cpp">
      <Filter>Source Files</Filter>
    </ClCompile>
    <ClCompile Include="Rendering\Bounds\Frustum.cpp">
      <Filter>Source Files</Filter>
    </ClCompile>
    <ClCompile Include="Rendering\Culling\SpatialOcTree.cpp">
      <Filter>Source Files</Filter>
    </ClCompile>
    <ClCompile Include="UI\Label.cpp">
      <Filter>Source Files</Filter>
    </ClCompile>
    <ClCompile Include="Rendering\Culling\DummyCuller.cpp">
      <Filter>Source Files</Filter>
    </ClCompile>
    <ClCompile Include="DataStructures\LinkedList.cpp">
      <Filter>Source Files</Filter>
    </ClCompile>
    <ClCompile Include="EngineLogic\EventSystem\Event.cpp">
      <Filter>Source Files</Filter>
    </ClCompile>
    <ClCompile Include="EngineLogic\EventSystem\EventManager.cpp">
      <Filter>Source Files</Filter>
    </ClCompile>
    <ClCompile Include="EngineLogic\SceneGraph\GroupingNode.cpp">
      <Filter>Source Files</Filter>
    </ClCompile>
    <ClCompile Include="EngineLogic\SceneGraph\LightNode.cpp">
      <Filter>Source Files</Filter>
    </ClCompile>
    <ClCompile Include="EngineLogic\SceneGraph\ModelNode.cpp">
      <Filter>Source Files</Filter>
    </ClCompile>
    <ClCompile Include="EngineLogic\SceneGraph\Scene.cpp">
      <Filter>Source Files</Filter>
    </ClCompile>
    <ClCompile Include="EngineLogic\SceneGraph\SpatialNode.cpp">
      <Filter>Source Files</Filter>
    </ClCompile>
    <ClCompile Include="EngineLogic\SceneGraph\VisibleSet.cpp">
      <Filter>Source Files</Filter>
    </ClCompile>
    <ClCompile Include="EngineLogic\Actor.cpp">
      <Filter>Source Files</Filter>
    </ClCompile>
    <ClCompile Include="EngineLogic\Game.cpp">
      <Filter>Source Files</Filter>
    </ClCompile>
    <ClCompile Include="EngineLogic\IDManager.cpp">
      <Filter>Source Files</Filter>
    </ClCompile>
    <ClCompile Include="EngineLogic\Transform.cpp">
      <Filter>Source Files</Filter>
    </ClCompile>
    <ClCompile Include="Memory\Handle.cpp">
      <Filter>Source Files</Filter>
    </ClCompile>
    <ClCompile Include="DebugUtils\CompilerHooks.cpp">
      <Filter>Source Files</Filter>
    </ClCompile>
    <ClCompile Include="Libraries\Lua\lapi.c">
      <Filter>Source Files</Filter>
    </ClCompile>
    <ClCompile Include="Libraries\Lua\lauxlib.c">
      <Filter>Source Files</Filter>
    </ClCompile>
    <ClCompile Include="Libraries\Lua\lbaselib.c">
      <Filter>Source Files</Filter>
    </ClCompile>
    <ClCompile Include="Libraries\Lua\lbitlib.c">
      <Filter>Source Files</Filter>
    </ClCompile>
    <ClCompile Include="Libraries\Lua\lcode.c">
      <Filter>Source Files</Filter>
    </ClCompile>
    <ClCompile Include="Libraries\Lua\lcorolib.c">
      <Filter>Source Files</Filter>
    </ClCompile>
    <ClCompile Include="Libraries\Lua\lctype.c">
      <Filter>Source Files</Filter>
    </ClCompile>
    <ClCompile Include="Libraries\Lua\ldblib.c">
      <Filter>Source Files</Filter>
    </ClCompile>
    <ClCompile Include="Libraries\Lua\ldebug.c">
      <Filter>Source Files</Filter>
    </ClCompile>
    <ClCompile Include="Libraries\Lua\ldo.c">
      <Filter>Source Files</Filter>
    </ClCompile>
    <ClCompile Include="Libraries\Lua\ldump.c">
      <Filter>Source Files</Filter>
    </ClCompile>
    <ClCompile Include="Libraries\Lua\lfunc.c">
      <Filter>Source Files</Filter>
    </ClCompile>
    <ClCompile Include="Libraries\Lua\lgc.c">
      <Filter>Source Files</Filter>
    </ClCompile>
    <ClCompile Include="Libraries\Lua\linit.c">
      <Filter>Source Files</Filter>
    </ClCompile>
    <ClCompile Include="Libraries\Lua\liolib.c">
      <Filter>Source Files</Filter>
    </ClCompile>
    <ClCompile Include="Libraries\Lua\llex.c">
      <Filter>Source Files</Filter>
    </ClCompile>
    <ClCompile Include="Libraries\Lua\lmathlib.c">
      <Filter>Source Files</Filter>
    </ClCompile>
    <ClCompile Include="Libraries\Lua\lmem.c">
      <Filter>Source Files</Filter>
    </ClCompile>
    <ClCompile Include="Libraries\Lua\loadlib.c">
      <Filter>Source Files</Filter>
    </ClCompile>
    <ClCompile Include="Libraries\Lua\lobject.c">
      <Filter>Source Files</Filter>
    </ClCompile>
    <ClCompile Include="Libraries\Lua\lopcodes.c">
      <Filter>Source Files</Filter>
    </ClCompile>
    <ClCompile Include="Libraries\Lua\loslib.c">
      <Filter>Source Files</Filter>
    </ClCompile>
    <ClCompile Include="Libraries\Lua\lparser.c">
      <Filter>Source Files</Filter>
    </ClCompile>
    <ClCompile Include="Libraries\Lua\lstate.c">
      <Filter>Source Files</Filter>
    </ClCompile>
    <ClCompile Include="Libraries\Lua\lstring.c">
      <Filter>Source Files</Filter>
    </ClCompile>
    <ClCompile Include="Libraries\Lua\lstrlib.c">
      <Filter>Source Files</Filter>
    </ClCompile>
    <ClCompile Include="Libraries\Lua\ltable.c">
      <Filter>Source Files</Filter>
    </ClCompile>
    <ClCompile Include="Libraries\Lua\ltablib.c">
      <Filter>Source Files</Filter>
    </ClCompile>
    <ClCompile Include="Libraries\Lua\ltm.c">
      <Filter>Source Files</Filter>
    </ClCompile>
    <ClCompile Include="Libraries\Lua\lua.c">
      <Filter>Source Files</Filter>
    </ClCompile>
    <ClCompile Include="Libraries\Lua\luac.c">
      <Filter>Source Files</Filter>
    </ClCompile>
    <ClCompile Include="Libraries\Lua\lundump.c">
      <Filter>Source Files</Filter>
    </ClCompile>
    <ClCompile Include="Libraries\Lua\lvm.c">
      <Filter>Source Files</Filter>
    </ClCompile>
    <ClCompile Include="Libraries\Lua\lzio.c">
      <Filter>Source Files</Filter>
    </ClCompile>
    <ClCompile Include="Audio\DSoundAudio.cpp">
      <Filter>Source Files</Filter>
    </ClCompile>
    <ClCompile Include="Audio\XAudio2Audio.cpp">
      <Filter>Source Files</Filter>
    </ClCompile>
    <ClCompile Include="Audio\SoundLoaders.cpp">
      <Filter>Source Files</Filter>
    </ClCompile>
    <ClCompile Include="FileManagement\Win32DataStream.cpp">
      <Filter>Source Files</Filter>
    </ClCompile>
    <ClCompile Include="Platforms\IPlatform.cpp">
      <Filter>Source Files</Filter>
    </ClCompile>
    <ClCompile Include="Platforms\Win32Platform.cpp">
      <Filter>Source Files</Filter>
    </ClCompile>
  </ItemGroup>
  <ItemGroup>
    <ClInclude Include="EndianOperations.h">
      <Filter>Header Files</Filter>
    </ClInclude>
    <ClInclude Include="stdafx.h">
      <Filter>Header Files</Filter>
    </ClInclude>
    <ClInclude Include="Math\Vector3.h">
      <Filter>Header Files\Math</Filter>
    </ClInclude>
    <ClInclude Include="Math\MathFunctions.h">
      <Filter>Header Files\Math</Filter>
    </ClInclude>
    <ClInclude Include="Math\Vector4.h">
      <Filter>Header Files\Math</Filter>
    </ClInclude>
    <ClInclude Include="Datatypes.h">
      <Filter>Header Files</Filter>
    </ClInclude>
    <ClInclude Include="Math\Matrix4x4.h">
      <Filter>Header Files\Math</Filter>
    </ClInclude>
    <ClInclude Include="Strings\String.h">
      <Filter>Header Files\Strings</Filter>
    </ClInclude>
    <ClInclude Include="Math\Matrix3x3.h">
      <Filter>Header Files\Math</Filter>
    </ClInclude>
    <ClInclude Include="Math\Quaternion.h">
      <Filter>Header Files\Math</Filter>
    </ClInclude>
    <ClInclude Include="Math\Vector2.h">
      <Filter>Header Files\Math</Filter>
    </ClInclude>
    <ClInclude Include="Libraries\GL_Loaders\GL\gl_core_4_3.h">
      <Filter>Header Files\Libraries\GL_Loaders</Filter>
    </ClInclude>
    <ClInclude Include="Libraries\GL_Loaders\GLX\glx_core_4_3.h">
      <Filter>Header Files\Libraries\GL_Loaders</Filter>
    </ClInclude>
    <ClInclude Include="Libraries\GL_Loaders\WGL\wgl_core_4_3.h">
      <Filter>Header Files\Libraries\GL_Loaders</Filter>
    </ClInclude>
    <ClInclude Include="FileManagement\Filesystem.h">
      <Filter>Header Files\FileManagement</Filter>
    </ClInclude>
    <ClInclude Include="Time\GameTime.h">
      <Filter>Header Files\Time</Filter>
    </ClInclude>
    <ClInclude Include="Time\Duration.h">
      <Filter>Header Files\Time</Filter>
    </ClInclude>
    <ClInclude Include="FileManagement\DataStream.h">
      <Filter>Header Files</Filter>
    </ClInclude>
    <ClInclude Include="FileManagement\StdLibDataStream.h">
      <Filter>Header Files</Filter>
    </ClInclude>
    <ClInclude Include="FileManagement\path.h">
      <Filter>Header Files</Filter>
    </ClInclude>
    <ClInclude Include="Rendering\Geometry.h">
      <Filter>Header Files</Filter>
    </ClInclude>
    <ClInclude Include="Constants\Constants.h">
      <Filter>Header Files</Filter>
    </ClInclude>
    <ClInclude Include="Constants\GraphicsConstants.h">
      <Filter>Header Files</Filter>
    </ClInclude>
    <ClInclude Include="MultiThreading\IThreading.h">
      <Filter>Header Files</Filter>
    </ClInclude>
    <ClInclude Include="MultiThreading\StdThreading.h">
      <Filter>Header Files</Filter>
    </ClInclude>
    <ClInclude Include="MultiThreading\IThreadClient.h">
      <Filter>Header Files</Filter>
    </ClInclude>
    <ClInclude Include="Physics\Physics.h">
      <Filter>Header Files</Filter>
    </ClInclude>
    <ClInclude Include="Libraries\Bullet_2_81\src\btBulletCollisionCommon.h">
      <Filter>Header Files</Filter>
    </ClInclude>
    <ClInclude Include="Libraries\Bullet_2_81\src\btBulletDynamicsCommon.h">
      <Filter>Header Files</Filter>
    </ClInclude>
    <ClInclude Include="Libraries\Bullet_2_81\src\Bullet-C-Api.h">
      <Filter>Header Files</Filter>
    </ClInclude>
    <ClInclude Include="Hashing\Hash.h">
      <Filter>Header Files</Filter>
    </ClInclude>
    <ClInclude Include="Libraries\MurmurHash3\MurmurHash3.h">
      <Filter>Header Files</Filter>
    </ClInclude>
    <ClInclude Include="Hashing\HashedString.h">
      <Filter>Header Files</Filter>
    </ClInclude>
    <ClInclude Include="Hashing\HashMap.h">
      <Filter>Header Files</Filter>
    </ClInclude>
    <ClInclude Include="Libraries\Bullet_2_81\src\BulletCollision\BroadphaseCollision\btAxisSweep3.h">
      <Filter>Header Files</Filter>
    </ClInclude>
    <ClInclude Include="Libraries\Bullet_2_81\src\BulletCollision\BroadphaseCollision\btBroadphaseInterface.h">
      <Filter>Header Files</Filter>
    </ClInclude>
    <ClInclude Include="Libraries\Bullet_2_81\src\BulletCollision\BroadphaseCollision\btBroadphaseProxy.h">
      <Filter>Header Files</Filter>
    </ClInclude>
    <ClInclude Include="Libraries\Bullet_2_81\src\BulletCollision\BroadphaseCollision\btCollisionAlgorithm.h">
      <Filter>Header Files</Filter>
    </ClInclude>
    <ClInclude Include="Libraries\Bullet_2_81\src\BulletCollision\BroadphaseCollision\btDbvt.h">
      <Filter>Header Files</Filter>
    </ClInclude>
    <ClInclude Include="Libraries\Bullet_2_81\src\BulletCollision\BroadphaseCollision\btDbvtBroadphase.h">
      <Filter>Header Files</Filter>
    </ClInclude>
    <ClInclude Include="Libraries\Bullet_2_81\src\BulletCollision\BroadphaseCollision\btDispatcher.h">
      <Filter>Header Files</Filter>
    </ClInclude>
    <ClInclude Include="Libraries\Bullet_2_81\src\BulletCollision\BroadphaseCollision\btMultiSapBroadphase.h">
      <Filter>Header Files</Filter>
    </ClInclude>
    <ClInclude Include="Libraries\Bullet_2_81\src\BulletCollision\BroadphaseCollision\btOverlappingPairCache.h">
      <Filter>Header Files</Filter>
    </ClInclude>
    <ClInclude Include="Libraries\Bullet_2_81\src\BulletCollision\BroadphaseCollision\btOverlappingPairCallback.h">
      <Filter>Header Files</Filter>
    </ClInclude>
    <ClInclude Include="Libraries\Bullet_2_81\src\BulletCollision\BroadphaseCollision\btQuantizedBvh.h">
      <Filter>Header Files</Filter>
    </ClInclude>
    <ClInclude Include="Libraries\Bullet_2_81\src\BulletCollision\BroadphaseCollision\btSimpleBroadphase.h">
      <Filter>Header Files</Filter>
    </ClInclude>
    <ClInclude Include="Libraries\Bullet_2_81\src\BulletCollision\CollisionDispatch\btActivatingCollisionAlgorithm.h">
      <Filter>Header Files</Filter>
    </ClInclude>
    <ClInclude Include="Libraries\Bullet_2_81\src\BulletCollision\CollisionDispatch\btBox2dBox2dCollisionAlgorithm.h">
      <Filter>Header Files</Filter>
    </ClInclude>
    <ClInclude Include="Libraries\Bullet_2_81\src\BulletCollision\CollisionDispatch\btBoxBoxCollisionAlgorithm.h">
      <Filter>Header Files</Filter>
    </ClInclude>
    <ClInclude Include="Libraries\Bullet_2_81\src\BulletCollision\CollisionDispatch\btBoxBoxDetector.h">
      <Filter>Header Files</Filter>
    </ClInclude>
    <ClInclude Include="Libraries\Bullet_2_81\src\BulletCollision\CollisionDispatch\btCollisionConfiguration.h">
      <Filter>Header Files</Filter>
    </ClInclude>
    <ClInclude Include="Libraries\Bullet_2_81\src\BulletCollision\CollisionDispatch\btCollisionCreateFunc.h">
      <Filter>Header Files</Filter>
    </ClInclude>
    <ClInclude Include="Libraries\Bullet_2_81\src\BulletCollision\CollisionDispatch\btCollisionDispatcher.h">
      <Filter>Header Files</Filter>
    </ClInclude>
    <ClInclude Include="Libraries\Bullet_2_81\src\BulletCollision\CollisionDispatch\btCollisionObject.h">
      <Filter>Header Files</Filter>
    </ClInclude>
    <ClInclude Include="Libraries\Bullet_2_81\src\BulletCollision\CollisionDispatch\btCollisionObjectWrapper.h">
      <Filter>Header Files</Filter>
    </ClInclude>
    <ClInclude Include="Libraries\Bullet_2_81\src\BulletCollision\CollisionDispatch\btCollisionWorld.h">
      <Filter>Header Files</Filter>
    </ClInclude>
    <ClInclude Include="Libraries\Bullet_2_81\src\BulletCollision\CollisionDispatch\btCompoundCollisionAlgorithm.h">
      <Filter>Header Files</Filter>
    </ClInclude>
    <ClInclude Include="Libraries\Bullet_2_81\src\BulletCollision\CollisionDispatch\btConvex2dConvex2dAlgorithm.h">
      <Filter>Header Files</Filter>
    </ClInclude>
    <ClInclude Include="Libraries\Bullet_2_81\src\BulletCollision\CollisionDispatch\btConvexConcaveCollisionAlgorithm.h">
      <Filter>Header Files</Filter>
    </ClInclude>
    <ClInclude Include="Libraries\Bullet_2_81\src\BulletCollision\CollisionDispatch\btConvexConvexAlgorithm.h">
      <Filter>Header Files</Filter>
    </ClInclude>
    <ClInclude Include="Libraries\Bullet_2_81\src\BulletCollision\CollisionDispatch\btConvexPlaneCollisionAlgorithm.h">
      <Filter>Header Files</Filter>
    </ClInclude>
    <ClInclude Include="Libraries\Bullet_2_81\src\BulletCollision\CollisionDispatch\btDefaultCollisionConfiguration.h">
      <Filter>Header Files</Filter>
    </ClInclude>
    <ClInclude Include="Libraries\Bullet_2_81\src\BulletCollision\CollisionDispatch\btEmptyCollisionAlgorithm.h">
      <Filter>Header Files</Filter>
    </ClInclude>
    <ClInclude Include="Libraries\Bullet_2_81\src\BulletCollision\CollisionDispatch\btGhostObject.h">
      <Filter>Header Files</Filter>
    </ClInclude>
    <ClInclude Include="Libraries\Bullet_2_81\src\BulletCollision\CollisionDispatch\btInternalEdgeUtility.h">
      <Filter>Header Files</Filter>
    </ClInclude>
    <ClInclude Include="Libraries\Bullet_2_81\src\BulletCollision\CollisionDispatch\btManifoldResult.h">
      <Filter>Header Files</Filter>
    </ClInclude>
    <ClInclude Include="Libraries\Bullet_2_81\src\BulletCollision\CollisionDispatch\btSimulationIslandManager.h">
      <Filter>Header Files</Filter>
    </ClInclude>
    <ClInclude Include="Libraries\Bullet_2_81\src\BulletCollision\CollisionDispatch\btSphereBoxCollisionAlgorithm.h">
      <Filter>Header Files</Filter>
    </ClInclude>
    <ClInclude Include="Libraries\Bullet_2_81\src\BulletCollision\CollisionDispatch\btSphereSphereCollisionAlgorithm.h">
      <Filter>Header Files</Filter>
    </ClInclude>
    <ClInclude Include="Libraries\Bullet_2_81\src\BulletCollision\CollisionDispatch\btSphereTriangleCollisionAlgorithm.h">
      <Filter>Header Files</Filter>
    </ClInclude>
    <ClInclude Include="Libraries\Bullet_2_81\src\BulletCollision\CollisionDispatch\btUnionFind.h">
      <Filter>Header Files</Filter>
    </ClInclude>
    <ClInclude Include="Libraries\Bullet_2_81\src\BulletCollision\CollisionDispatch\SphereTriangleDetector.h">
      <Filter>Header Files</Filter>
    </ClInclude>
    <ClInclude Include="Libraries\Bullet_2_81\src\BulletCollision\CollisionShapes\btBox2dShape.h">
      <Filter>Header Files</Filter>
    </ClInclude>
    <ClInclude Include="Libraries\Bullet_2_81\src\BulletCollision\CollisionShapes\btBoxShape.h">
      <Filter>Header Files</Filter>
    </ClInclude>
    <ClInclude Include="Libraries\Bullet_2_81\src\BulletCollision\CollisionShapes\btBvhTriangleMeshShape.h">
      <Filter>Header Files</Filter>
    </ClInclude>
    <ClInclude Include="Libraries\Bullet_2_81\src\BulletCollision\CollisionShapes\btCapsuleShape.h">
      <Filter>Header Files</Filter>
    </ClInclude>
    <ClInclude Include="Libraries\Bullet_2_81\src\BulletCollision\CollisionShapes\btCollisionMargin.h">
      <Filter>Header Files</Filter>
    </ClInclude>
    <ClInclude Include="Libraries\Bullet_2_81\src\BulletCollision\CollisionShapes\btCollisionShape.h">
      <Filter>Header Files</Filter>
    </ClInclude>
    <ClInclude Include="Libraries\Bullet_2_81\src\BulletCollision\CollisionShapes\btCompoundShape.h">
      <Filter>Header Files</Filter>
    </ClInclude>
    <ClInclude Include="Libraries\Bullet_2_81\src\BulletCollision\CollisionShapes\btConcaveShape.h">
      <Filter>Header Files</Filter>
    </ClInclude>
    <ClInclude Include="Libraries\Bullet_2_81\src\BulletCollision\CollisionShapes\btConeShape.h">
      <Filter>Header Files</Filter>
    </ClInclude>
    <ClInclude Include="Libraries\Bullet_2_81\src\BulletCollision\CollisionShapes\btConvex2dShape.h">
      <Filter>Header Files</Filter>
    </ClInclude>
    <ClInclude Include="Libraries\Bullet_2_81\src\BulletCollision\CollisionShapes\btConvexHullShape.h">
      <Filter>Header Files</Filter>
    </ClInclude>
    <ClInclude Include="Libraries\Bullet_2_81\src\BulletCollision\CollisionShapes\btConvexInternalShape.h">
      <Filter>Header Files</Filter>
    </ClInclude>
    <ClInclude Include="Libraries\Bullet_2_81\src\BulletCollision\CollisionShapes\btConvexPointCloudShape.h">
      <Filter>Header Files</Filter>
    </ClInclude>
    <ClInclude Include="Libraries\Bullet_2_81\src\BulletCollision\CollisionShapes\btConvexPolyhedron.h">
      <Filter>Header Files</Filter>
    </ClInclude>
    <ClInclude Include="Libraries\Bullet_2_81\src\BulletCollision\CollisionShapes\btConvexShape.h">
      <Filter>Header Files</Filter>
    </ClInclude>
    <ClInclude Include="Libraries\Bullet_2_81\src\BulletCollision\CollisionShapes\btConvexTriangleMeshShape.h">
      <Filter>Header Files</Filter>
    </ClInclude>
    <ClInclude Include="Libraries\Bullet_2_81\src\BulletCollision\CollisionShapes\btCylinderShape.h">
      <Filter>Header Files</Filter>
    </ClInclude>
    <ClInclude Include="Libraries\Bullet_2_81\src\BulletCollision\CollisionShapes\btEmptyShape.h">
      <Filter>Header Files</Filter>
    </ClInclude>
    <ClInclude Include="Libraries\Bullet_2_81\src\BulletCollision\CollisionShapes\btHeightfieldTerrainShape.h">
      <Filter>Header Files</Filter>
    </ClInclude>
    <ClInclude Include="Libraries\Bullet_2_81\src\BulletCollision\CollisionShapes\btMaterial.h">
      <Filter>Header Files</Filter>
    </ClInclude>
    <ClInclude Include="Libraries\Bullet_2_81\src\BulletCollision\CollisionShapes\btMinkowskiSumShape.h">
      <Filter>Header Files</Filter>
    </ClInclude>
    <ClInclude Include="Libraries\Bullet_2_81\src\BulletCollision\CollisionShapes\btMultimaterialTriangleMeshShape.h">
      <Filter>Header Files</Filter>
    </ClInclude>
    <ClInclude Include="Libraries\Bullet_2_81\src\BulletCollision\CollisionShapes\btMultiSphereShape.h">
      <Filter>Header Files</Filter>
    </ClInclude>
    <ClInclude Include="Libraries\Bullet_2_81\src\BulletCollision\CollisionShapes\btOptimizedBvh.h">
      <Filter>Header Files</Filter>
    </ClInclude>
    <ClInclude Include="Libraries\Bullet_2_81\src\BulletCollision\CollisionShapes\btPolyhedralConvexShape.h">
      <Filter>Header Files</Filter>
    </ClInclude>
    <ClInclude Include="Libraries\Bullet_2_81\src\BulletCollision\CollisionShapes\btScaledBvhTriangleMeshShape.h">
      <Filter>Header Files</Filter>
    </ClInclude>
    <ClInclude Include="Libraries\Bullet_2_81\src\BulletCollision\CollisionShapes\btShapeHull.h">
      <Filter>Header Files</Filter>
    </ClInclude>
    <ClInclude Include="Libraries\Bullet_2_81\src\BulletCollision\CollisionShapes\btSphereShape.h">
      <Filter>Header Files</Filter>
    </ClInclude>
    <ClInclude Include="Libraries\Bullet_2_81\src\BulletCollision\CollisionShapes\btStaticPlaneShape.h">
      <Filter>Header Files</Filter>
    </ClInclude>
    <ClInclude Include="Libraries\Bullet_2_81\src\BulletCollision\CollisionShapes\btStridingMeshInterface.h">
      <Filter>Header Files</Filter>
    </ClInclude>
    <ClInclude Include="Libraries\Bullet_2_81\src\BulletCollision\CollisionShapes\btTetrahedronShape.h">
      <Filter>Header Files</Filter>
    </ClInclude>
    <ClInclude Include="Libraries\Bullet_2_81\src\BulletCollision\CollisionShapes\btTriangleBuffer.h">
      <Filter>Header Files</Filter>
    </ClInclude>
    <ClInclude Include="Libraries\Bullet_2_81\src\BulletCollision\CollisionShapes\btTriangleCallback.h">
      <Filter>Header Files</Filter>
    </ClInclude>
    <ClInclude Include="Libraries\Bullet_2_81\src\BulletCollision\CollisionShapes\btTriangleIndexVertexArray.h">
      <Filter>Header Files</Filter>
    </ClInclude>
    <ClInclude Include="Libraries\Bullet_2_81\src\BulletCollision\CollisionShapes\btTriangleIndexVertexMaterialArray.h">
      <Filter>Header Files</Filter>
    </ClInclude>
    <ClInclude Include="Libraries\Bullet_2_81\src\BulletCollision\CollisionShapes\btTriangleInfoMap.h">
      <Filter>Header Files</Filter>
    </ClInclude>
    <ClInclude Include="Libraries\Bullet_2_81\src\BulletCollision\CollisionShapes\btTriangleMesh.h">
      <Filter>Header Files</Filter>
    </ClInclude>
    <ClInclude Include="Libraries\Bullet_2_81\src\BulletCollision\CollisionShapes\btTriangleMeshShape.h">
      <Filter>Header Files</Filter>
    </ClInclude>
    <ClInclude Include="Libraries\Bullet_2_81\src\BulletCollision\CollisionShapes\btTriangleShape.h">
      <Filter>Header Files</Filter>
    </ClInclude>
    <ClInclude Include="Libraries\Bullet_2_81\src\BulletCollision\CollisionShapes\btUniformScalingShape.h">
      <Filter>Header Files</Filter>
    </ClInclude>
    <ClInclude Include="Libraries\Bullet_2_81\src\BulletCollision\Gimpact\btBoxCollision.h">
      <Filter>Header Files</Filter>
    </ClInclude>
    <ClInclude Include="Libraries\Bullet_2_81\src\BulletCollision\Gimpact\btClipPolygon.h">
      <Filter>Header Files</Filter>
    </ClInclude>
    <ClInclude Include="Libraries\Bullet_2_81\src\BulletCollision\Gimpact\btContactProcessing.h">
      <Filter>Header Files</Filter>
    </ClInclude>
    <ClInclude Include="Libraries\Bullet_2_81\src\BulletCollision\Gimpact\btGenericPoolAllocator.h">
      <Filter>Header Files</Filter>
    </ClInclude>
    <ClInclude Include="Libraries\Bullet_2_81\src\BulletCollision\Gimpact\btGeometryOperations.h">
      <Filter>Header Files</Filter>
    </ClInclude>
    <ClInclude Include="Libraries\Bullet_2_81\src\BulletCollision\Gimpact\btGImpactBvh.h">
      <Filter>Header Files</Filter>
    </ClInclude>
    <ClInclude Include="Libraries\Bullet_2_81\src\BulletCollision\Gimpact\btGImpactCollisionAlgorithm.h">
      <Filter>Header Files</Filter>
    </ClInclude>
    <ClInclude Include="Libraries\Bullet_2_81\src\BulletCollision\Gimpact\btGImpactMassUtil.h">
      <Filter>Header Files</Filter>
    </ClInclude>
    <ClInclude Include="Libraries\Bullet_2_81\src\BulletCollision\Gimpact\btGImpactQuantizedBvh.h">
      <Filter>Header Files</Filter>
    </ClInclude>
    <ClInclude Include="Libraries\Bullet_2_81\src\BulletCollision\Gimpact\btGImpactShape.h">
      <Filter>Header Files</Filter>
    </ClInclude>
    <ClInclude Include="Libraries\Bullet_2_81\src\BulletCollision\Gimpact\btQuantization.h">
      <Filter>Header Files</Filter>
    </ClInclude>
    <ClInclude Include="Libraries\Bullet_2_81\src\BulletCollision\Gimpact\btTriangleShapeEx.h">
      <Filter>Header Files</Filter>
    </ClInclude>
    <ClInclude Include="Libraries\Bullet_2_81\src\BulletCollision\Gimpact\gim_array.h">
      <Filter>Header Files</Filter>
    </ClInclude>
    <ClInclude Include="Libraries\Bullet_2_81\src\BulletCollision\Gimpact\gim_basic_geometry_operations.h">
      <Filter>Header Files</Filter>
    </ClInclude>
    <ClInclude Include="Libraries\Bullet_2_81\src\BulletCollision\Gimpact\gim_bitset.h">
      <Filter>Header Files</Filter>
    </ClInclude>
    <ClInclude Include="Libraries\Bullet_2_81\src\BulletCollision\Gimpact\gim_box_collision.h">
      <Filter>Header Files</Filter>
    </ClInclude>
    <ClInclude Include="Libraries\Bullet_2_81\src\BulletCollision\Gimpact\gim_box_set.h">
      <Filter>Header Files</Filter>
    </ClInclude>
    <ClInclude Include="Libraries\Bullet_2_81\src\BulletCollision\Gimpact\gim_clip_polygon.h">
      <Filter>Header Files</Filter>
    </ClInclude>
    <ClInclude Include="Libraries\Bullet_2_81\src\BulletCollision\Gimpact\gim_contact.h">
      <Filter>Header Files</Filter>
    </ClInclude>
    <ClInclude Include="Libraries\Bullet_2_81\src\BulletCollision\Gimpact\gim_geom_types.h">
      <Filter>Header Files</Filter>
    </ClInclude>
    <ClInclude Include="Libraries\Bullet_2_81\src\BulletCollision\Gimpact\gim_geometry.h">
      <Filter>Header Files</Filter>
    </ClInclude>
    <ClInclude Include="Libraries\Bullet_2_81\src\BulletCollision\Gimpact\gim_hash_table.h">
      <Filter>Header Files</Filter>
    </ClInclude>
    <ClInclude Include="Libraries\Bullet_2_81\src\BulletCollision\Gimpact\gim_linear_math.h">
      <Filter>Header Files</Filter>
    </ClInclude>
    <ClInclude Include="Libraries\Bullet_2_81\src\BulletCollision\Gimpact\gim_math.h">
      <Filter>Header Files</Filter>
    </ClInclude>
    <ClInclude Include="Libraries\Bullet_2_81\src\BulletCollision\Gimpact\gim_memory.h">
      <Filter>Header Files</Filter>
    </ClInclude>
    <ClInclude Include="Libraries\Bullet_2_81\src\BulletCollision\Gimpact\gim_radixsort.h">
      <Filter>Header Files</Filter>
    </ClInclude>
    <ClInclude Include="Libraries\Bullet_2_81\src\BulletCollision\Gimpact\gim_tri_collision.h">
      <Filter>Header Files</Filter>
    </ClInclude>
    <ClInclude Include="Libraries\Bullet_2_81\src\BulletCollision\NarrowPhaseCollision\btContinuousConvexCollision.h">
      <Filter>Header Files</Filter>
    </ClInclude>
    <ClInclude Include="Libraries\Bullet_2_81\src\BulletCollision\NarrowPhaseCollision\btConvexCast.h">
      <Filter>Header Files</Filter>
    </ClInclude>
    <ClInclude Include="Libraries\Bullet_2_81\src\BulletCollision\NarrowPhaseCollision\btConvexPenetrationDepthSolver.h">
      <Filter>Header Files</Filter>
    </ClInclude>
    <ClInclude Include="Libraries\Bullet_2_81\src\BulletCollision\NarrowPhaseCollision\btDiscreteCollisionDetectorInterface.h">
      <Filter>Header Files</Filter>
    </ClInclude>
    <ClInclude Include="Libraries\Bullet_2_81\src\BulletCollision\NarrowPhaseCollision\btGjkConvexCast.h">
      <Filter>Header Files</Filter>
    </ClInclude>
    <ClInclude Include="Libraries\Bullet_2_81\src\BulletCollision\NarrowPhaseCollision\btGjkEpa2.h">
      <Filter>Header Files</Filter>
    </ClInclude>
    <ClInclude Include="Libraries\Bullet_2_81\src\BulletCollision\NarrowPhaseCollision\btGjkEpaPenetrationDepthSolver.h">
      <Filter>Header Files</Filter>
    </ClInclude>
    <ClInclude Include="Libraries\Bullet_2_81\src\BulletCollision\NarrowPhaseCollision\btGjkPairDetector.h">
      <Filter>Header Files</Filter>
    </ClInclude>
    <ClInclude Include="Libraries\Bullet_2_81\src\BulletCollision\NarrowPhaseCollision\btManifoldPoint.h">
      <Filter>Header Files</Filter>
    </ClInclude>
    <ClInclude Include="Libraries\Bullet_2_81\src\BulletCollision\NarrowPhaseCollision\btMinkowskiPenetrationDepthSolver.h">
      <Filter>Header Files</Filter>
    </ClInclude>
    <ClInclude Include="Libraries\Bullet_2_81\src\BulletCollision\NarrowPhaseCollision\btPersistentManifold.h">
      <Filter>Header Files</Filter>
    </ClInclude>
    <ClInclude Include="Libraries\Bullet_2_81\src\BulletCollision\NarrowPhaseCollision\btPointCollector.h">
      <Filter>Header Files</Filter>
    </ClInclude>
    <ClInclude Include="Libraries\Bullet_2_81\src\BulletCollision\NarrowPhaseCollision\btPolyhedralContactClipping.h">
      <Filter>Header Files</Filter>
    </ClInclude>
    <ClInclude Include="Libraries\Bullet_2_81\src\BulletCollision\NarrowPhaseCollision\btRaycastCallback.h">
      <Filter>Header Files</Filter>
    </ClInclude>
    <ClInclude Include="Libraries\Bullet_2_81\src\BulletCollision\NarrowPhaseCollision\btSimplexSolverInterface.h">
      <Filter>Header Files</Filter>
    </ClInclude>
    <ClInclude Include="Libraries\Bullet_2_81\src\BulletCollision\NarrowPhaseCollision\btSubSimplexConvexCast.h">
      <Filter>Header Files</Filter>
    </ClInclude>
    <ClInclude Include="Libraries\Bullet_2_81\src\BulletCollision\NarrowPhaseCollision\btVoronoiSimplexSolver.h">
      <Filter>Header Files</Filter>
    </ClInclude>
    <ClInclude Include="Libraries\Bullet_2_81\src\BulletDynamics\Character\btCharacterControllerInterface.h">
      <Filter>Header Files</Filter>
    </ClInclude>
    <ClInclude Include="Libraries\Bullet_2_81\src\BulletDynamics\Character\btKinematicCharacterController.h">
      <Filter>Header Files</Filter>
    </ClInclude>
    <ClInclude Include="Libraries\Bullet_2_81\src\BulletDynamics\ConstraintSolver\btConeTwistConstraint.h">
      <Filter>Header Files</Filter>
    </ClInclude>
    <ClInclude Include="Libraries\Bullet_2_81\src\BulletDynamics\ConstraintSolver\btConstraintSolver.h">
      <Filter>Header Files</Filter>
    </ClInclude>
    <ClInclude Include="Libraries\Bullet_2_81\src\BulletDynamics\ConstraintSolver\btContactConstraint.h">
      <Filter>Header Files</Filter>
    </ClInclude>
    <ClInclude Include="Libraries\Bullet_2_81\src\BulletDynamics\ConstraintSolver\btContactSolverInfo.h">
      <Filter>Header Files</Filter>
    </ClInclude>
    <ClInclude Include="Libraries\Bullet_2_81\src\BulletDynamics\ConstraintSolver\btGearConstraint.h">
      <Filter>Header Files</Filter>
    </ClInclude>
    <ClInclude Include="Libraries\Bullet_2_81\src\BulletDynamics\ConstraintSolver\btGeneric6DofConstraint.h">
      <Filter>Header Files</Filter>
    </ClInclude>
    <ClInclude Include="Libraries\Bullet_2_81\src\BulletDynamics\ConstraintSolver\btGeneric6DofSpringConstraint.h">
      <Filter>Header Files</Filter>
    </ClInclude>
    <ClInclude Include="Libraries\Bullet_2_81\src\BulletDynamics\ConstraintSolver\btHinge2Constraint.h">
      <Filter>Header Files</Filter>
    </ClInclude>
    <ClInclude Include="Libraries\Bullet_2_81\src\BulletDynamics\ConstraintSolver\btHingeConstraint.h">
      <Filter>Header Files</Filter>
    </ClInclude>
    <ClInclude Include="Libraries\Bullet_2_81\src\BulletDynamics\ConstraintSolver\btJacobianEntry.h">
      <Filter>Header Files</Filter>
    </ClInclude>
    <ClInclude Include="Libraries\Bullet_2_81\src\BulletDynamics\ConstraintSolver\btPoint2PointConstraint.h">
      <Filter>Header Files</Filter>
    </ClInclude>
    <ClInclude Include="Libraries\Bullet_2_81\src\BulletDynamics\ConstraintSolver\btSequentialImpulseConstraintSolver.h">
      <Filter>Header Files</Filter>
    </ClInclude>
    <ClInclude Include="Libraries\Bullet_2_81\src\BulletDynamics\ConstraintSolver\btSliderConstraint.h">
      <Filter>Header Files</Filter>
    </ClInclude>
    <ClInclude Include="Libraries\Bullet_2_81\src\BulletDynamics\ConstraintSolver\btSolve2LinearConstraint.h">
      <Filter>Header Files</Filter>
    </ClInclude>
    <ClInclude Include="Libraries\Bullet_2_81\src\BulletDynamics\ConstraintSolver\btSolverBody.h">
      <Filter>Header Files</Filter>
    </ClInclude>
    <ClInclude Include="Libraries\Bullet_2_81\src\BulletDynamics\ConstraintSolver\btSolverConstraint.h">
      <Filter>Header Files</Filter>
    </ClInclude>
    <ClInclude Include="Libraries\Bullet_2_81\src\BulletDynamics\ConstraintSolver\btTypedConstraint.h">
      <Filter>Header Files</Filter>
    </ClInclude>
    <ClInclude Include="Libraries\Bullet_2_81\src\BulletDynamics\ConstraintSolver\btUniversalConstraint.h">
      <Filter>Header Files</Filter>
    </ClInclude>
    <ClInclude Include="Libraries\Bullet_2_81\src\BulletDynamics\Dynamics\btActionInterface.h">
      <Filter>Header Files</Filter>
    </ClInclude>
    <ClInclude Include="Libraries\Bullet_2_81\src\BulletDynamics\Dynamics\btDiscreteDynamicsWorld.h">
      <Filter>Header Files</Filter>
    </ClInclude>
    <ClInclude Include="Libraries\Bullet_2_81\src\BulletDynamics\Dynamics\btDynamicsWorld.h">
      <Filter>Header Files</Filter>
    </ClInclude>
    <ClInclude Include="Libraries\Bullet_2_81\src\BulletDynamics\Dynamics\btRigidBody.h">
      <Filter>Header Files</Filter>
    </ClInclude>
    <ClInclude Include="Libraries\Bullet_2_81\src\BulletDynamics\Dynamics\btSimpleDynamicsWorld.h">
      <Filter>Header Files</Filter>
    </ClInclude>
    <ClInclude Include="Libraries\Bullet_2_81\src\BulletDynamics\Vehicle\btRaycastVehicle.h">
      <Filter>Header Files</Filter>
    </ClInclude>
    <ClInclude Include="Libraries\Bullet_2_81\src\BulletDynamics\Vehicle\btVehicleRaycaster.h">
      <Filter>Header Files</Filter>
    </ClInclude>
    <ClInclude Include="Libraries\Bullet_2_81\src\BulletDynamics\Vehicle\btWheelInfo.h">
      <Filter>Header Files</Filter>
    </ClInclude>
    <ClInclude Include="Libraries\Bullet_2_81\src\BulletMultiThreaded\GpuSoftBodySolvers\DX11\btSoftBodySolver_DX11.h">
      <Filter>Header Files</Filter>
    </ClInclude>
    <ClInclude Include="Libraries\Bullet_2_81\src\BulletMultiThreaded\GpuSoftBodySolvers\DX11\btSoftBodySolver_DX11SIMDAware.h">
      <Filter>Header Files</Filter>
    </ClInclude>
    <ClInclude Include="Libraries\Bullet_2_81\src\BulletMultiThreaded\GpuSoftBodySolvers\DX11\btSoftBodySolverBuffer_DX11.h">
      <Filter>Header Files</Filter>
    </ClInclude>
    <ClInclude Include="Libraries\Bullet_2_81\src\BulletMultiThreaded\GpuSoftBodySolvers\DX11\btSoftBodySolverLinkData_DX11.h">
      <Filter>Header Files</Filter>
    </ClInclude>
    <ClInclude Include="Libraries\Bullet_2_81\src\BulletMultiThreaded\GpuSoftBodySolvers\DX11\btSoftBodySolverLinkData_DX11SIMDAware.h">
      <Filter>Header Files</Filter>
    </ClInclude>
    <ClInclude Include="Libraries\Bullet_2_81\src\BulletMultiThreaded\GpuSoftBodySolvers\DX11\btSoftBodySolverTriangleData_DX11.h">
      <Filter>Header Files</Filter>
    </ClInclude>
    <ClInclude Include="Libraries\Bullet_2_81\src\BulletMultiThreaded\GpuSoftBodySolvers\DX11\btSoftBodySolverVertexBuffer_DX11.h">
      <Filter>Header Files</Filter>
    </ClInclude>
    <ClInclude Include="Libraries\Bullet_2_81\src\BulletMultiThreaded\GpuSoftBodySolvers\DX11\btSoftBodySolverVertexData_DX11.h">
      <Filter>Header Files</Filter>
    </ClInclude>
    <ClInclude Include="Libraries\Bullet_2_81\src\BulletMultiThreaded\GpuSoftBodySolvers\OpenCL\btSoftBodySolver_OpenCL.h">
      <Filter>Header Files</Filter>
    </ClInclude>
    <ClInclude Include="Libraries\Bullet_2_81\src\BulletMultiThreaded\GpuSoftBodySolvers\OpenCL\btSoftBodySolver_OpenCLSIMDAware.h">
      <Filter>Header Files</Filter>
    </ClInclude>
    <ClInclude Include="Libraries\Bullet_2_81\src\BulletMultiThreaded\GpuSoftBodySolvers\OpenCL\btSoftBodySolverBuffer_OpenCL.h">
      <Filter>Header Files</Filter>
    </ClInclude>
    <ClInclude Include="Libraries\Bullet_2_81\src\BulletMultiThreaded\GpuSoftBodySolvers\OpenCL\btSoftBodySolverLinkData_OpenCL.h">
      <Filter>Header Files</Filter>
    </ClInclude>
    <ClInclude Include="Libraries\Bullet_2_81\src\BulletMultiThreaded\GpuSoftBodySolvers\OpenCL\btSoftBodySolverLinkData_OpenCLSIMDAware.h">
      <Filter>Header Files</Filter>
    </ClInclude>
    <ClInclude Include="Libraries\Bullet_2_81\src\BulletMultiThreaded\GpuSoftBodySolvers\OpenCL\btSoftBodySolverOutputCLtoGL.h">
      <Filter>Header Files</Filter>
    </ClInclude>
    <ClInclude Include="Libraries\Bullet_2_81\src\BulletMultiThreaded\GpuSoftBodySolvers\OpenCL\btSoftBodySolverTriangleData_OpenCL.h">
      <Filter>Header Files</Filter>
    </ClInclude>
    <ClInclude Include="Libraries\Bullet_2_81\src\BulletMultiThreaded\GpuSoftBodySolvers\OpenCL\btSoftBodySolverVertexBuffer_OpenGL.h">
      <Filter>Header Files</Filter>
    </ClInclude>
    <ClInclude Include="Libraries\Bullet_2_81\src\BulletMultiThreaded\GpuSoftBodySolvers\OpenCL\btSoftBodySolverVertexData_OpenCL.h">
      <Filter>Header Files</Filter>
    </ClInclude>
    <ClInclude Include="Libraries\Bullet_2_81\src\BulletMultiThreaded\GpuSoftBodySolvers\Shared\btSoftBodySolverData.h">
      <Filter>Header Files</Filter>
    </ClInclude>
    <ClInclude Include="Libraries\Bullet_2_81\src\BulletMultiThreaded\SpuNarrowPhaseCollisionTask\Box.h">
      <Filter>Header Files</Filter>
    </ClInclude>
    <ClInclude Include="Libraries\Bullet_2_81\src\BulletMultiThreaded\SpuNarrowPhaseCollisionTask\boxBoxDistance.h">
      <Filter>Header Files</Filter>
    </ClInclude>
    <ClInclude Include="Libraries\Bullet_2_81\src\BulletMultiThreaded\SpuNarrowPhaseCollisionTask\SpuCollisionShapes.h">
      <Filter>Header Files</Filter>
    </ClInclude>
    <ClInclude Include="Libraries\Bullet_2_81\src\BulletMultiThreaded\SpuNarrowPhaseCollisionTask\SpuContactResult.h">
      <Filter>Header Files</Filter>
    </ClInclude>
    <ClInclude Include="Libraries\Bullet_2_81\src\BulletMultiThreaded\SpuNarrowPhaseCollisionTask\SpuConvexPenetrationDepthSolver.h">
      <Filter>Header Files</Filter>
    </ClInclude>
    <ClInclude Include="Libraries\Bullet_2_81\src\BulletMultiThreaded\SpuNarrowPhaseCollisionTask\SpuGatheringCollisionTask.h">
      <Filter>Header Files</Filter>
    </ClInclude>
    <ClInclude Include="Libraries\Bullet_2_81\src\BulletMultiThreaded\SpuNarrowPhaseCollisionTask\SpuLocalSupport.h">
      <Filter>Header Files</Filter>
    </ClInclude>
    <ClInclude Include="Libraries\Bullet_2_81\src\BulletMultiThreaded\SpuNarrowPhaseCollisionTask\SpuMinkowskiPenetrationDepthSolver.h">
      <Filter>Header Files</Filter>
    </ClInclude>
    <ClInclude Include="Libraries\Bullet_2_81\src\BulletMultiThreaded\SpuNarrowPhaseCollisionTask\SpuPreferredPenetrationDirections.h">
      <Filter>Header Files</Filter>
    </ClInclude>
    <ClInclude Include="Libraries\Bullet_2_81\src\BulletMultiThreaded\SpuSampleTask\SpuSampleTask.h">
      <Filter>Header Files</Filter>
    </ClInclude>
    <ClInclude Include="Libraries\Bullet_2_81\src\BulletMultiThreaded\Win32ThreadSupport.h">
      <Filter>Header Files</Filter>
    </ClInclude>
    <ClInclude Include="Libraries\Bullet_2_81\src\BulletMultiThreaded\btGpu3DGridBroadphaseSharedCode.h">
      <Filter>Header Files</Filter>
    </ClInclude>
    <ClInclude Include="Libraries\Bullet_2_81\src\BulletMultiThreaded\btGpu3DGridBroadphaseSharedDefs.h">
      <Filter>Header Files</Filter>
    </ClInclude>
    <ClInclude Include="Libraries\Bullet_2_81\src\BulletMultiThreaded\btGpu3DGridBroadphaseSharedTypes.h">
      <Filter>Header Files</Filter>
    </ClInclude>
    <ClInclude Include="Libraries\Bullet_2_81\src\BulletMultiThreaded\btGpuDefines.h">
      <Filter>Header Files</Filter>
    </ClInclude>
    <ClInclude Include="Libraries\Bullet_2_81\src\BulletMultiThreaded\btGpuUtilsSharedCode.h">
      <Filter>Header Files</Filter>
    </ClInclude>
    <ClInclude Include="Libraries\Bullet_2_81\src\BulletMultiThreaded\btGpuUtilsSharedDefs.h">
      <Filter>Header Files</Filter>
    </ClInclude>
    <ClInclude Include="Libraries\Bullet_2_81\src\BulletMultiThreaded\btParallelConstraintSolver.h">
      <Filter>Header Files</Filter>
    </ClInclude>
    <ClInclude Include="Libraries\Bullet_2_81\src\BulletMultiThreaded\btThreadSupportInterface.h">
      <Filter>Header Files</Filter>
    </ClInclude>
    <ClInclude Include="Libraries\Bullet_2_81\src\BulletMultiThreaded\HeapManager.h">
      <Filter>Header Files</Filter>
    </ClInclude>
    <ClInclude Include="Libraries\Bullet_2_81\src\BulletMultiThreaded\PlatformDefinitions.h">
      <Filter>Header Files</Filter>
    </ClInclude>
    <ClInclude Include="Libraries\Bullet_2_81\src\BulletMultiThreaded\PosixThreadSupport.h">
      <Filter>Header Files</Filter>
    </ClInclude>
    <ClInclude Include="Libraries\Bullet_2_81\src\BulletMultiThreaded\PpuAddressSpace.h">
      <Filter>Header Files</Filter>
    </ClInclude>
    <ClInclude Include="Libraries\Bullet_2_81\src\BulletMultiThreaded\SequentialThreadSupport.h">
      <Filter>Header Files</Filter>
    </ClInclude>
    <ClInclude Include="Libraries\Bullet_2_81\src\BulletMultiThreaded\SpuCollisionObjectWrapper.h">
      <Filter>Header Files</Filter>
    </ClInclude>
    <ClInclude Include="Libraries\Bullet_2_81\src\BulletMultiThreaded\SpuCollisionTaskProcess.h">
      <Filter>Header Files</Filter>
    </ClInclude>
    <ClInclude Include="Libraries\Bullet_2_81\src\BulletMultiThreaded\SpuContactManifoldCollisionAlgorithm.h">
      <Filter>Header Files</Filter>
    </ClInclude>
    <ClInclude Include="Libraries\Bullet_2_81\src\BulletMultiThreaded\SpuDoubleBuffer.h">
      <Filter>Header Files</Filter>
    </ClInclude>
    <ClInclude Include="Libraries\Bullet_2_81\src\BulletMultiThreaded\SpuFakeDma.h">
      <Filter>Header Files</Filter>
    </ClInclude>
    <ClInclude Include="Libraries\Bullet_2_81\src\BulletMultiThreaded\SpuGatheringCollisionDispatcher.h">
      <Filter>Header Files</Filter>
    </ClInclude>
    <ClInclude Include="Libraries\Bullet_2_81\src\BulletMultiThreaded\SpuLibspe2Support.h">
      <Filter>Header Files</Filter>
    </ClInclude>
    <ClInclude Include="Libraries\Bullet_2_81\src\BulletMultiThreaded\SpuSampleTaskProcess.h">
      <Filter>Header Files</Filter>
    </ClInclude>
    <ClInclude Include="Libraries\Bullet_2_81\src\BulletMultiThreaded\SpuSync.h">
      <Filter>Header Files</Filter>
    </ClInclude>
    <ClInclude Include="Libraries\Bullet_2_81\src\BulletMultiThreaded\TrbDynBody.h">
      <Filter>Header Files</Filter>
    </ClInclude>
    <ClInclude Include="Libraries\Bullet_2_81\src\BulletMultiThreaded\TrbStateVec.h">
      <Filter>Header Files</Filter>
    </ClInclude>
    <ClInclude Include="Libraries\Bullet_2_81\src\BulletMultiThreaded\vectormath2bullet.h">
      <Filter>Header Files</Filter>
    </ClInclude>
    <ClInclude Include="Libraries\Bullet_2_81\src\BulletMultiThreaded\btGpu3DGridBroadphase.h">
      <Filter>Header Files</Filter>
    </ClInclude>
    <ClInclude Include="Libraries\Bullet_2_81\src\LinearMath\btAabbUtil2.h">
      <Filter>Header Files</Filter>
    </ClInclude>
    <ClInclude Include="Libraries\Bullet_2_81\src\LinearMath\btAlignedAllocator.h">
      <Filter>Header Files</Filter>
    </ClInclude>
    <ClInclude Include="Libraries\Bullet_2_81\src\LinearMath\btAlignedObjectArray.h">
      <Filter>Header Files</Filter>
    </ClInclude>
    <ClInclude Include="Libraries\Bullet_2_81\src\LinearMath\btConvexHull.h">
      <Filter>Header Files</Filter>
    </ClInclude>
    <ClInclude Include="Libraries\Bullet_2_81\src\LinearMath\btConvexHullComputer.h">
      <Filter>Header Files</Filter>
    </ClInclude>
    <ClInclude Include="Libraries\Bullet_2_81\src\LinearMath\btDefaultMotionState.h">
      <Filter>Header Files</Filter>
    </ClInclude>
    <ClInclude Include="Libraries\Bullet_2_81\src\LinearMath\btGeometryUtil.h">
      <Filter>Header Files</Filter>
    </ClInclude>
    <ClInclude Include="Libraries\Bullet_2_81\src\LinearMath\btGrahamScan2dConvexHull.h">
      <Filter>Header Files</Filter>
    </ClInclude>
    <ClInclude Include="Libraries\Bullet_2_81\src\LinearMath\btHashMap.h">
      <Filter>Header Files</Filter>
    </ClInclude>
    <ClInclude Include="Libraries\Bullet_2_81\src\LinearMath\btIDebugDraw.h">
      <Filter>Header Files</Filter>
    </ClInclude>
    <ClInclude Include="Libraries\Bullet_2_81\src\LinearMath\btList.h">
      <Filter>Header Files</Filter>
    </ClInclude>
    <ClInclude Include="Libraries\Bullet_2_81\src\LinearMath\btMatrix3x3.h">
      <Filter>Header Files</Filter>
    </ClInclude>
    <ClInclude Include="Libraries\Bullet_2_81\src\LinearMath\btMinMax.h">
      <Filter>Header Files</Filter>
    </ClInclude>
    <ClInclude Include="Libraries\Bullet_2_81\src\LinearMath\btMotionState.h">
      <Filter>Header Files</Filter>
    </ClInclude>
    <ClInclude Include="Libraries\Bullet_2_81\src\LinearMath\btPolarDecomposition.h">
      <Filter>Header Files</Filter>
    </ClInclude>
    <ClInclude Include="Libraries\Bullet_2_81\src\LinearMath\btPoolAllocator.h">
      <Filter>Header Files</Filter>
    </ClInclude>
    <ClInclude Include="Libraries\Bullet_2_81\src\LinearMath\btQuadWord.h">
      <Filter>Header Files</Filter>
    </ClInclude>
    <ClInclude Include="Libraries\Bullet_2_81\src\LinearMath\btQuaternion.h">
      <Filter>Header Files</Filter>
    </ClInclude>
    <ClInclude Include="Libraries\Bullet_2_81\src\LinearMath\btQuickprof.h">
      <Filter>Header Files</Filter>
    </ClInclude>
    <ClInclude Include="Libraries\Bullet_2_81\src\LinearMath\btRandom.h">
      <Filter>Header Files</Filter>
    </ClInclude>
    <ClInclude Include="Libraries\Bullet_2_81\src\LinearMath\btScalar.h">
      <Filter>Header Files</Filter>
    </ClInclude>
    <ClInclude Include="Libraries\Bullet_2_81\src\LinearMath\btSerializer.h">
      <Filter>Header Files</Filter>
    </ClInclude>
    <ClInclude Include="Libraries\Bullet_2_81\src\LinearMath\btStackAlloc.h">
      <Filter>Header Files</Filter>
    </ClInclude>
    <ClInclude Include="Libraries\Bullet_2_81\src\LinearMath\btTransform.h">
      <Filter>Header Files</Filter>
    </ClInclude>
    <ClInclude Include="Libraries\Bullet_2_81\src\LinearMath\btTransformUtil.h">
      <Filter>Header Files</Filter>
    </ClInclude>
    <ClInclude Include="Libraries\Bullet_2_81\src\LinearMath\btVector3.h">
      <Filter>Header Files</Filter>
    </ClInclude>
    <ClInclude Include="Libraries\Bullet_2_81\src\vectormath\neon\boolInVec.h">
      <Filter>Header Files</Filter>
    </ClInclude>
    <ClInclude Include="Libraries\Bullet_2_81\src\vectormath\neon\floatInVec.h">
      <Filter>Header Files</Filter>
    </ClInclude>
    <ClInclude Include="Libraries\Bullet_2_81\src\vectormath\neon\mat_aos.h">
      <Filter>Header Files</Filter>
    </ClInclude>
    <ClInclude Include="Libraries\Bullet_2_81\src\vectormath\neon\quat_aos.h">
      <Filter>Header Files</Filter>
    </ClInclude>
    <ClInclude Include="Libraries\Bullet_2_81\src\vectormath\neon\vec_aos.h">
      <Filter>Header Files</Filter>
    </ClInclude>
    <ClInclude Include="Libraries\Bullet_2_81\src\vectormath\neon\vectormath_aos.h">
      <Filter>Header Files</Filter>
    </ClInclude>
    <ClInclude Include="Libraries\Bullet_2_81\src\vectormath\scalar\boolInVec.h">
      <Filter>Header Files</Filter>
    </ClInclude>
    <ClInclude Include="Libraries\Bullet_2_81\src\vectormath\scalar\floatInVec.h">
      <Filter>Header Files</Filter>
    </ClInclude>
    <ClInclude Include="Libraries\Bullet_2_81\src\vectormath\scalar\mat_aos.h">
      <Filter>Header Files</Filter>
    </ClInclude>
    <ClInclude Include="Libraries\Bullet_2_81\src\vectormath\scalar\quat_aos.h">
      <Filter>Header Files</Filter>
    </ClInclude>
    <ClInclude Include="Libraries\Bullet_2_81\src\vectormath\scalar\vec_aos.h">
      <Filter>Header Files</Filter>
    </ClInclude>
    <ClInclude Include="Libraries\Bullet_2_81\src\vectormath\scalar\vectormath_aos.h">
      <Filter>Header Files</Filter>
    </ClInclude>
    <ClInclude Include="Libraries\Bullet_2_81\src\vectormath\sse\boolInVec.h">
      <Filter>Header Files</Filter>
    </ClInclude>
    <ClInclude Include="Libraries\Bullet_2_81\src\vectormath\sse\floatInVec.h">
      <Filter>Header Files</Filter>
    </ClInclude>
    <ClInclude Include="Libraries\Bullet_2_81\src\vectormath\sse\mat_aos.h">
      <Filter>Header Files</Filter>
    </ClInclude>
    <ClInclude Include="Libraries\Bullet_2_81\src\vectormath\sse\quat_aos.h">
      <Filter>Header Files</Filter>
    </ClInclude>
    <ClInclude Include="Libraries\Bullet_2_81\src\vectormath\sse\vec_aos.h">
      <Filter>Header Files</Filter>
    </ClInclude>
    <ClInclude Include="Libraries\Bullet_2_81\src\vectormath\sse\vecidx_aos.h">
      <Filter>Header Files</Filter>
    </ClInclude>
    <ClInclude Include="Libraries\Bullet_2_81\src\vectormath\sse\vectormath_aos.h">
      <Filter>Header Files</Filter>
    </ClInclude>
    <ClInclude Include="Libraries\Bullet_2_81\src\vectormath\vmInclude.h">
      <Filter>Header Files</Filter>
    </ClInclude>
    <ClInclude Include="Constants\PhysicsConstants.h">
      <Filter>Header Files</Filter>
    </ClInclude>
    <ClInclude Include="MultiThreading\IThreadClient.h">
      <Filter>Header Files</Filter>
    </ClInclude>
    <ClInclude Include="MultiThreading\StdThreading.h">
      <Filter>Header Files</Filter>
    </ClInclude>
    <ClInclude Include="Logging\Log.h">
      <Filter>Header Files</Filter>
    </ClInclude>
    <ClInclude Include="Memory\Allocator.h">
      <Filter>Header Files</Filter>
    </ClInclude>
    <ClInclude Include="Memory\HeapLayers.h">
      <Filter>Header Files</Filter>
    </ClInclude>
    <ClInclude Include="Constants\LogTags.h">
      <Filter>Header Files</Filter>
    </ClInclude>
    <ClInclude Include="Constants\AllocTypes.h">
      <Filter>Header Files</Filter>
    </ClInclude>
    <ClInclude Include="Memory\STLAllocHook.h">
      <Filter>Header Files</Filter>
    </ClInclude>
    <ClInclude Include="Time\DateTime.h">
      <Filter>Header Files</Filter>
    </ClInclude>
    <ClInclude Include="Random\Random.h">
      <Filter>Header Files</Filter>
    </ClInclude>
    <ClInclude Include="DebugUtils\Assertions.h">
      <Filter>Header Files</Filter>
    </ClInclude>
    <ClInclude Include="Stats\FPSCounter.h">
      <Filter>Header Files</Filter>
    </ClInclude>
    <ClInclude Include="Math\Vectors.h">
      <Filter>Header Files</Filter>
    </ClInclude>
    <ClInclude Include="Stats\StatMonitor.h">
      <Filter>Header Files</Filter>
    </ClInclude>
    <ClInclude Include="Stats\Profiling.h">
      <Filter>Header Files</Filter>
    </ClInclude>
    <ClInclude Include="Stats\IStatDisplayer.h">
      <Filter>Header Files</Filter>
    </ClInclude>
    <ClInclude Include="FileManagement\IStrStream.h">
      <Filter>Header Files</Filter>
    </ClInclude>
    <ClInclude Include="Stats\AllocStats.h">
      <Filter>Header Files</Filter>
    </ClInclude>
    <ClInclude Include="Stats\IStatCollector.h">
      <Filter>Header Files</Filter>
    </ClInclude>
    <ClInclude Include="Config\Config.h">
      <Filter>Header Files</Filter>
    </ClInclude>
    <ClInclude Include="Libraries\TinyXML2\tinyxml2.h">
      <Filter>Header Files</Filter>
    </ClInclude>
    <ClInclude Include="Input\Input.h">
      <Filter>Header Files</Filter>
    </ClInclude>
    <ClInclude Include="Constants\ControllerConstants.h">
      <Filter>Header Files</Filter>
    </ClInclude>
    <ClInclude Include="Libraries\Assimp\ai_assert.h">
      <Filter>Header Files</Filter>
    </ClInclude>
    <ClInclude Include="Libraries\Assimp\anim.h">
      <Filter>Header Files</Filter>
    </ClInclude>
    <ClInclude Include="Libraries\Assimp\camera.h">
      <Filter>Header Files</Filter>
    </ClInclude>
    <ClInclude Include="Libraries\Assimp\cexport.h">
      <Filter>Header Files</Filter>
    </ClInclude>
    <ClInclude Include="Libraries\Assimp\cfileio.h">
      <Filter>Header Files</Filter>
    </ClInclude>
    <ClInclude Include="Libraries\Assimp\cimport.h">
      <Filter>Header Files</Filter>
    </ClInclude>
    <ClInclude Include="Libraries\Assimp\color4.h">
      <Filter>Header Files</Filter>
    </ClInclude>
    <ClInclude Include="Libraries\Assimp\config.h">
      <Filter>Header Files</Filter>
    </ClInclude>
    <ClInclude Include="Libraries\Assimp\DefaultLogger.hpp">
      <Filter>Header Files</Filter>
    </ClInclude>
    <ClInclude Include="Libraries\Assimp\defs.h">
      <Filter>Header Files</Filter>
    </ClInclude>
    <ClInclude Include="Libraries\Assimp\Exporter.hpp">
      <Filter>Header Files</Filter>
    </ClInclude>
    <ClInclude Include="Libraries\Assimp\Importer.hpp">
      <Filter>Header Files</Filter>
    </ClInclude>
    <ClInclude Include="Libraries\Assimp\importerdesc.h">
      <Filter>Header Files</Filter>
    </ClInclude>
    <ClInclude Include="Libraries\Assimp\IOStream.hpp">
      <Filter>Header Files</Filter>
    </ClInclude>
    <ClInclude Include="Libraries\Assimp\IOSystem.hpp">
      <Filter>Header Files</Filter>
    </ClInclude>
    <ClInclude Include="Libraries\Assimp\light.h">
      <Filter>Header Files</Filter>
    </ClInclude>
    <ClInclude Include="Libraries\Assimp\Logger.hpp">
      <Filter>Header Files</Filter>
    </ClInclude>
    <ClInclude Include="Libraries\Assimp\LogStream.hpp">
      <Filter>Header Files</Filter>
    </ClInclude>
    <ClInclude Include="Libraries\Assimp\material.h">
      <Filter>Header Files</Filter>
    </ClInclude>
    <ClInclude Include="Libraries\Assimp\matrix3x3.h">
      <Filter>Header Files</Filter>
    </ClInclude>
    <ClInclude Include="Libraries\Assimp\matrix4x4.h">
      <Filter>Header Files</Filter>
    </ClInclude>
    <ClInclude Include="Libraries\Assimp\mesh.h">
      <Filter>Header Files</Filter>
    </ClInclude>
    <ClInclude Include="Libraries\Assimp\NullLogger.hpp">
      <Filter>Header Files</Filter>
    </ClInclude>
    <ClInclude Include="Libraries\Assimp\postprocess.h">
      <Filter>Header Files</Filter>
    </ClInclude>
    <ClInclude Include="Libraries\Assimp\ProgressHandler.hpp">
      <Filter>Header Files</Filter>
    </ClInclude>
    <ClInclude Include="Libraries\Assimp\quaternion.h">
      <Filter>Header Files</Filter>
    </ClInclude>
    <ClInclude Include="Libraries\Assimp\scene.h">
      <Filter>Header Files</Filter>
    </ClInclude>
    <ClInclude Include="Libraries\Assimp\texture.h">
      <Filter>Header Files</Filter>
    </ClInclude>
    <ClInclude Include="Libraries\Assimp\types.h">
      <Filter>Header Files</Filter>
    </ClInclude>
    <ClInclude Include="Libraries\Assimp\vector2.h">
      <Filter>Header Files</Filter>
    </ClInclude>
    <ClInclude Include="Libraries\Assimp\vector3.h">
      <Filter>Header Files</Filter>
    </ClInclude>
    <ClInclude Include="Libraries\Assimp\version.h">
      <Filter>Header Files</Filter>
    </ClInclude>
    <ClInclude Include="ResourceManagement\Resource.h">
      <Filter>Header Files</Filter>
    </ClInclude>
    <ClInclude Include="ResourceManagement\ResourceManager.h">
      <Filter>Header Files</Filter>
    </ClInclude>
    <ClInclude Include="ResourceManagement\IResourceLoader.h">
      <Filter>Header Files</Filter>
    </ClInclude>
    <ClInclude Include="ResourceManagement\ResourceLoaders.h">
      <Filter>Header Files</Filter>
    </ClInclude>
    <ClInclude Include="Platforms\Win32Helpers.h">
      <Filter>Header Files</Filter>
    </ClInclude>
    <ClInclude Include="Libraries\Zlib\zlib.h">
      <Filter>Header Files</Filter>
    </ClInclude>
    <ClInclude Include="Libraries\Zlib\zconf.h">
      <Filter>Header Files</Filter>
    </ClInclude>
    <ClInclude Include="ResourceManagement\IResourceArchive.h">
      <Filter>Header Files</Filter>
    </ClInclude>
    <ClInclude Include="FileManagement\ArchiveTypes.h">
      <Filter>Header Files</Filter>
    </ClInclude>
    <ClInclude Include="ResourceManagement\ResourceArchive.h">
      <Filter>Header Files</Filter>
    </ClInclude>
    <ClInclude Include="Strings\StringUtils.h">
      <Filter>Header Files</Filter>
    </ClInclude>
    <ClInclude Include="Rendering\Material.h">
      <Filter>Header Files</Filter>
    </ClInclude>
    <ClInclude Include="Rendering\Texture.h">
      <Filter>Header Files</Filter>
    </ClInclude>
    <ClInclude Include="Libraries\PNG++\color.hpp">
      <Filter>Header Files</Filter>
    </ClInclude>
    <ClInclude Include="Libraries\PNG++\config.hpp">
      <Filter>Header Files</Filter>
    </ClInclude>
    <ClInclude Include="Libraries\PNG++\consumer.hpp">
      <Filter>Header Files</Filter>
    </ClInclude>
    <ClInclude Include="Libraries\PNG++\convert_color_space.hpp">
      <Filter>Header Files</Filter>
    </ClInclude>
    <ClInclude Include="Libraries\PNG++\end_info.hpp">
      <Filter>Header Files</Filter>
    </ClInclude>
    <ClInclude Include="Libraries\PNG++\error.hpp">
      <Filter>Header Files</Filter>
    </ClInclude>
    <ClInclude Include="Libraries\PNG++\ga_pixel.hpp">
      <Filter>Header Files</Filter>
    </ClInclude>
    <ClInclude Include="Libraries\PNG++\generator.hpp">
      <Filter>Header Files</Filter>
    </ClInclude>
    <ClInclude Include="Libraries\PNG++\gray_pixel.hpp">
      <Filter>Header Files</Filter>
    </ClInclude>
    <ClInclude Include="Libraries\PNG++\image.hpp">
      <Filter>Header Files</Filter>
    </ClInclude>
    <ClInclude Include="Libraries\PNG++\image_info.hpp">
      <Filter>Header Files</Filter>
    </ClInclude>
    <ClInclude Include="Libraries\PNG++\index_pixel.hpp">
      <Filter>Header Files</Filter>
    </ClInclude>
    <ClInclude Include="Libraries\PNG++\info.hpp">
      <Filter>Header Files</Filter>
    </ClInclude>
    <ClInclude Include="Libraries\PNG++\info_base.hpp">
      <Filter>Header Files</Filter>
    </ClInclude>
    <ClInclude Include="Libraries\PNG++\io_base.hpp">
      <Filter>Header Files</Filter>
    </ClInclude>
    <ClInclude Include="Libraries\PNG++\packed_pixel.hpp">
      <Filter>Header Files</Filter>
    </ClInclude>
    <ClInclude Include="Libraries\PNG++\palette.hpp">
      <Filter>Header Files</Filter>
    </ClInclude>
    <ClInclude Include="Libraries\PNG++\pixel_buffer.hpp">
      <Filter>Header Files</Filter>
    </ClInclude>
    <ClInclude Include="Libraries\PNG++\pixel_traits.hpp">
      <Filter>Header Files</Filter>
    </ClInclude>
    <ClInclude Include="Libraries\PNG++\png.hpp">
      <Filter>Header Files</Filter>
    </ClInclude>
    <ClInclude Include="Libraries\PNG++\reader.hpp">
      <Filter>Header Files</Filter>
    </ClInclude>
    <ClInclude Include="Libraries\PNG++\streaming_base.hpp">
      <Filter>Header Files</Filter>
    </ClInclude>
    <ClInclude Include="Libraries\PNG++\require_color_space.hpp">
      <Filter>Header Files</Filter>
    </ClInclude>
    <ClInclude Include="Libraries\PNG++\rgb_pixel.hpp">
      <Filter>Header Files</Filter>
    </ClInclude>
    <ClInclude Include="Libraries\PNG++\rgba_pixel.hpp">
      <Filter>Header Files</Filter>
    </ClInclude>
    <ClInclude Include="Libraries\PNG++\tRNS.hpp">
      <Filter>Header Files</Filter>
    </ClInclude>
    <ClInclude Include="Libraries\PNG++\types.hpp">
      <Filter>Header Files</Filter>
    </ClInclude>
    <ClInclude Include="Libraries\PNG++\writer.hpp">
      <Filter>Header Files</Filter>
    </ClInclude>
    <ClInclude Include="Libraries\PNG++\png.h">
      <Filter>Header Files</Filter>
    </ClInclude>
    <ClInclude Include="Libraries\PNG++\pngconf.h">
      <Filter>Header Files</Filter>
    </ClInclude>
    <ClInclude Include="Libraries\PNG++\pngdebug.h">
      <Filter>Header Files</Filter>
    </ClInclude>
    <ClInclude Include="Libraries\PNG++\pnginfo.h">
      <Filter>Header Files</Filter>
    </ClInclude>
    <ClInclude Include="Libraries\PNG++\pnglibconf.h">
      <Filter>Header Files</Filter>
    </ClInclude>
    <ClInclude Include="Libraries\PNG++\pngpriv.h">
      <Filter>Header Files</Filter>
    </ClInclude>
    <ClInclude Include="Libraries\PNG++\pngstruct.h">
      <Filter>Header Files</Filter>
    </ClInclude>
    <ClInclude Include="Rendering\Color.h">
      <Filter>Header Files</Filter>
    </ClInclude>
    <ClInclude Include="Rendering\Shader.h">
      <Filter>Header Files</Filter>
    </ClInclude>
    <ClInclude Include="GraphicsWrappers\IGraphicsWrapper.h">
      <Filter>Header Files\Rendering</Filter>
    </ClInclude>
    <ClInclude Include="GraphicsWrappers\OGLGrpWrapper.h">
      <Filter>Header Files\Rendering</Filter>
    </ClInclude>
    <ClInclude Include="Rendering\Model.h">
      <Filter>Header Files</Filter>
    </ClInclude>
    <ClInclude Include="FileManagement\ModelFile.h">
      <Filter>Header Files</Filter>
    </ClInclude>
    <ClInclude Include="Rendering\Mesh.h">
      <Filter>Header Files</Filter>
    </ClInclude>
    <ClInclude Include="Rendering\IEffect.h">
      <Filter>Header Files</Filter>
    </ClInclude>
    <ClInclude Include="Audio\AudioManager.h">
      <Filter>Header Files</Filter>
    </ClInclude>
    <ClInclude Include="Audio\SoundInstance.h">
      <Filter>Header Files</Filter>
    </ClInclude>
    <ClInclude Include="Audio\SoundResource.h">
      <Filter>Header Files</Filter>
    </ClInclude>
    <ClInclude Include="Rendering\Camera\Camera.h">
      <Filter>Header Files</Filter>
    </ClInclude>
    <ClInclude Include="Math\Rectangle.h">
      <Filter>Header Files</Filter>
    </ClInclude>
    <ClInclude Include="Rendering\Font.h">
      <Filter>Header Files</Filter>
    </ClInclude>
    <ClInclude Include="Rendering\Text.h">
      <Filter>Header Files</Filter>
    </ClInclude>
    <ClInclude Include="Rendering\Renderer.h">
      <Filter>Header Files</Filter>
    </ClInclude>
    <ClInclude Include="Scripting\ScriptIntegration.h">
      <Filter>Header Files</Filter>
    </ClInclude>
    <ClInclude Include="Libraries\Bullet_2_81\src\BulletSoftBody\btDefaultSoftBodySolver.h">
      <Filter>Header Files</Filter>
    </ClInclude>
    <ClInclude Include="Libraries\Bullet_2_81\src\BulletSoftBody\btSoftBody.h">
      <Filter>Header Files</Filter>
    </ClInclude>
    <ClInclude Include="Libraries\Bullet_2_81\src\BulletSoftBody\btSoftBodyConcaveCollisionAlgorithm.h">
      <Filter>Header Files</Filter>
    </ClInclude>
    <ClInclude Include="Libraries\Bullet_2_81\src\BulletSoftBody\btSoftBodyData.h">
      <Filter>Header Files</Filter>
    </ClInclude>
    <ClInclude Include="Libraries\Bullet_2_81\src\BulletSoftBody\btSoftBodyHelpers.h">
      <Filter>Header Files</Filter>
    </ClInclude>
    <ClInclude Include="Libraries\Bullet_2_81\src\BulletSoftBody\btSoftBodyInternals.h">
      <Filter>Header Files</Filter>
    </ClInclude>
    <ClInclude Include="Libraries\Bullet_2_81\src\BulletSoftBody\btSoftBodyRigidBodyCollisionConfiguration.h">
      <Filter>Header Files</Filter>
    </ClInclude>
    <ClInclude Include="Libraries\Bullet_2_81\src\BulletSoftBody\btSoftBodySolvers.h">
      <Filter>Header Files</Filter>
    </ClInclude>
    <ClInclude Include="Libraries\Bullet_2_81\src\BulletSoftBody\btSoftBodySolverVertexBuffer.h">
      <Filter>Header Files</Filter>
    </ClInclude>
    <ClInclude Include="Libraries\Bullet_2_81\src\BulletSoftBody\btSoftRigidCollisionAlgorithm.h">
      <Filter>Header Files</Filter>
    </ClInclude>
    <ClInclude Include="Libraries\Bullet_2_81\src\BulletSoftBody\btSoftRigidDynamicsWorld.h">
      <Filter>Header Files</Filter>
    </ClInclude>
    <ClInclude Include="Libraries\Bullet_2_81\src\BulletSoftBody\btSoftSoftCollisionAlgorithm.h">
      <Filter>Header Files</Filter>
    </ClInclude>
    <ClInclude Include="Libraries\Bullet_2_81\src\BulletSoftBody\btSparseSDF.h">
      <Filter>Header Files</Filter>
    </ClInclude>
    <ClInclude Include="DataStructures\BinaryTree.h">
      <Filter>Header Files</Filter>
    </ClInclude>
    <ClInclude Include="DataStructures\IntrusiveList.h">
      <Filter>Header Files</Filter>
    </ClInclude>
    <ClInclude Include="DataStructures\RedBlackTreeBase.h">
      <Filter>Header Files</Filter>
    </ClInclude>
    <ClInclude Include="DataStructures\STLContainers.h">
      <Filter>Header Files</Filter>
    </ClInclude>
    <ClInclude Include="DataStructures\STLStreams.h">
      <Filter>Header Files</Filter>
    </ClInclude>
    <ClInclude Include="GraphicsWrappers\Batch.h">
      <Filter>Header Files</Filter>
    </ClInclude>
    <ClInclude Include="GraphicsWrappers\NullGrpWrapper.h">
      <Filter>Header Files</Filter>
    </ClInclude>
    <ClInclude Include="Rendering\ShaderKeywords.h">
      <Filter>Header Files</Filter>
    </ClInclude>
    <ClInclude Include="Rendering\Bounds\Bounds.h">
      <Filter>Header Files</Filter>
    </ClInclude>
    <ClInclude Include="Rendering\Bounds\SphereBounds.h">
      <Filter>Header Files</Filter>
    </ClInclude>
    <ClInclude Include="Rendering\Bounds\AABBBounds.h">
      <Filter>Header Files</Filter>
    </ClInclude>
    <ClInclude Include="Rendering\Culling\Culler.h">
      <Filter>Header Files</Filter>
    </ClInclude>
    <ClInclude Include="Rendering\Culling\OcTreeCuller.h">
      <Filter>Header Files</Filter>
    </ClInclude>
    <ClInclude Include="Math\Plane.h">
      <Filter>Header Files</Filter>
    </ClInclude>
    <ClInclude Include="DataStructures\OcTreeNode.h">
      <Filter>Header Files</Filter>
    </ClInclude>
    <ClInclude Include="DataStructures\OcTreeBase.h">
      <Filter>Header Files</Filter>
    </ClInclude>
    <ClInclude Include="DataStructures\OcTree.h">
      <Filter>Header Files</Filter>
    </ClInclude>
    <ClInclude Include="Rendering\Bounds\Frustum.h">
      <Filter>Header Files</Filter>
    </ClInclude>
    <ClInclude Include="Rendering\Culling\SpatialOcTree.h">
      <Filter>Header Files</Filter>
    </ClInclude>
    <ClInclude Include="UI\Label.h">
      <Filter>Header Files</Filter>
    </ClInclude>
    <ClInclude Include="Rendering\Culling\DummyCuller.h">
      <Filter>Header Files</Filter>
    </ClInclude>
    <ClInclude Include="DataStructures\LinkedList.h">
      <Filter>Header Files</Filter>
    </ClInclude>
    <ClInclude Include="Hashing\HashTable.h">
      <Filter>Header Files</Filter>
    </ClInclude>
    <ClInclude Include="Helpers\StrOps.h">
      <Filter>Header Files</Filter>
    </ClInclude>
    <ClInclude Include="EngineLogic\EventSystem\Event.h">
      <Filter>Header Files</Filter>
    </ClInclude>
    <ClInclude Include="EngineLogic\EventSystem\EventManager.h">
      <Filter>Header Files</Filter>
    </ClInclude>
    <ClInclude Include="EngineLogic\SceneGraph\GroupingNode.h">
      <Filter>Header Files</Filter>
    </ClInclude>
    <ClInclude Include="EngineLogic\SceneGraph\LightNode.h">
      <Filter>Header Files</Filter>
    </ClInclude>
    <ClInclude Include="EngineLogic\SceneGraph\ModelNode.h">
      <Filter>Header Files</Filter>
    </ClInclude>
    <ClInclude Include="EngineLogic\SceneGraph\Scene.h">
      <Filter>Header Files</Filter>
    </ClInclude>
    <ClInclude Include="EngineLogic\SceneGraph\SpatialNode.h">
      <Filter>Header Files</Filter>
    </ClInclude>
    <ClInclude Include="EngineLogic\SceneGraph\VisibleSet.h">
      <Filter>Header Files</Filter>
    </ClInclude>
    <ClInclude Include="EngineLogic\Actor.h">
      <Filter>Header Files</Filter>
    </ClInclude>
    <ClInclude Include="EngineLogic\Game.h">
      <Filter>Header Files</Filter>
    </ClInclude>
    <ClInclude Include="EngineLogic\IBaseGame.h">
      <Filter>Header Files</Filter>
    </ClInclude>
    <ClInclude Include="EngineLogic\IDManager.h">
      <Filter>Header Files</Filter>
    </ClInclude>
    <ClInclude Include="EngineLogic\IEngineModule.h">
      <Filter>Header Files</Filter>
    </ClInclude>
    <ClInclude Include="EngineLogic\Transform.h">
      <Filter>Header Files</Filter>
    </ClInclude>
    <ClInclude Include="Memory\Handle.h">
      <Filter>Header Files</Filter>
    </ClInclude>
    <ClInclude Include="DebugUtils\CompilerHooks.h">
      <Filter>Header Files</Filter>
    </ClInclude>
    <ClInclude Include="Libraries\LuaBridge\detail\CFunctions.h">
      <Filter>Header Files</Filter>
    </ClInclude>
    <ClInclude Include="Libraries\LuaBridge\detail\ClassInfo.h">
      <Filter>Header Files</Filter>
    </ClInclude>
    <ClInclude Include="Libraries\LuaBridge\detail\Constructor.h">
      <Filter>Header Files</Filter>
    </ClInclude>
    <ClInclude Include="Libraries\LuaBridge\detail\dump.h">
      <Filter>Header Files</Filter>
    </ClInclude>
    <ClInclude Include="Libraries\LuaBridge\detail\FuncTraits.h">
      <Filter>Header Files</Filter>
    </ClInclude>
    <ClInclude Include="Libraries\LuaBridge\detail\Iterator.h">
      <Filter>Header Files</Filter>
    </ClInclude>
    <ClInclude Include="Libraries\LuaBridge\detail\LuaException.h">
      <Filter>Header Files</Filter>
    </ClInclude>
    <ClInclude Include="Libraries\LuaBridge\detail\LuaHelpers.h">
      <Filter>Header Files</Filter>
    </ClInclude>
    <ClInclude Include="Libraries\LuaBridge\detail\LuaRef.h">
      <Filter>Header Files</Filter>
    </ClInclude>
    <ClInclude Include="Libraries\LuaBridge\detail\Namespace.h">
      <Filter>Header Files</Filter>
    </ClInclude>
    <ClInclude Include="Libraries\LuaBridge\detail\Stack.h">
      <Filter>Header Files</Filter>
    </ClInclude>
    <ClInclude Include="Libraries\LuaBridge\detail\TypeList.h">
      <Filter>Header Files</Filter>
    </ClInclude>
    <ClInclude Include="Libraries\LuaBridge\detail\TypeTraits.h">
      <Filter>Header Files</Filter>
    </ClInclude>
    <ClInclude Include="Libraries\LuaBridge\detail\Userdata.h">
      <Filter>Header Files</Filter>
    </ClInclude>
    <ClInclude Include="Libraries\LuaBridge\LuaBridge.h">
      <Filter>Header Files</Filter>
    </ClInclude>
    <ClInclude Include="Libraries\LuaBridge\RefCountedObject.h">
      <Filter>Header Files</Filter>
    </ClInclude>
    <ClInclude Include="Libraries\LuaBridge\RefCountedPtr.h">
      <Filter>Header Files</Filter>
    </ClInclude>
    <ClInclude Include="Libraries\Lua\lapi.h">
      <Filter>Header Files</Filter>
    </ClInclude>
    <ClInclude Include="Libraries\Lua\lauxlib.h">
      <Filter>Header Files</Filter>
    </ClInclude>
    <ClInclude Include="Libraries\Lua\lcode.h">
      <Filter>Header Files</Filter>
    </ClInclude>
    <ClInclude Include="Libraries\Lua\lctype.h">
      <Filter>Header Files</Filter>
    </ClInclude>
    <ClInclude Include="Libraries\Lua\ldebug.h">
      <Filter>Header Files</Filter>
    </ClInclude>
    <ClInclude Include="Libraries\Lua\ldo.h">
      <Filter>Header Files</Filter>
    </ClInclude>
    <ClInclude Include="Libraries\Lua\lfunc.h">
      <Filter>Header Files</Filter>
    </ClInclude>
    <ClInclude Include="Libraries\Lua\lgc.h">
      <Filter>Header Files</Filter>
    </ClInclude>
    <ClInclude Include="Libraries\Lua\llex.h">
      <Filter>Header Files</Filter>
    </ClInclude>
    <ClInclude Include="Libraries\Lua\llimits.h">
      <Filter>Header Files</Filter>
    </ClInclude>
    <ClInclude Include="Libraries\Lua\lmem.h">
      <Filter>Header Files</Filter>
    </ClInclude>
    <ClInclude Include="Libraries\Lua\lobject.h">
      <Filter>Header Files</Filter>
    </ClInclude>
    <ClInclude Include="Libraries\Lua\lopcodes.h">
      <Filter>Header Files</Filter>
    </ClInclude>
    <ClInclude Include="Libraries\Lua\lparser.h">
      <Filter>Header Files</Filter>
    </ClInclude>
    <ClInclude Include="Libraries\Lua\lstate.h">
      <Filter>Header Files</Filter>
    </ClInclude>
    <ClInclude Include="Libraries\Lua\lstring.h">
      <Filter>Header Files</Filter>
    </ClInclude>
    <ClInclude Include="Libraries\Lua\ltable.h">
      <Filter>Header Files</Filter>
    </ClInclude>
    <ClInclude Include="Libraries\Lua\ltm.h">
      <Filter>Header Files</Filter>
    </ClInclude>
    <ClInclude Include="Libraries\Lua\lua.h">
      <Filter>Header Files</Filter>
    </ClInclude>
    <ClInclude Include="Libraries\Lua\lua.hpp">
      <Filter>Header Files</Filter>
    </ClInclude>
    <ClInclude Include="Libraries\Lua\luaconf.h">
      <Filter>Header Files</Filter>
    </ClInclude>
    <ClInclude Include="Libraries\Lua\lualib.h">
      <Filter>Header Files</Filter>
    </ClInclude>
    <ClInclude Include="Libraries\Lua\lundump.h">
      <Filter>Header Files</Filter>
    </ClInclude>
    <ClInclude Include="Libraries\Lua\lvm.h">
      <Filter>Header Files</Filter>
    </ClInclude>
    <ClInclude Include="Libraries\Lua\lzio.h">
      <Filter>Header Files</Filter>
    </ClInclude>
    <ClInclude Include="Audio\XAudio2Audio.h">
      <Filter>Header Files</Filter>
    </ClInclude>
    <ClInclude Include="Audio\DSoundAudio.h">
      <Filter>Header Files</Filter>
    </ClInclude>
    <ClInclude Include="Audio\Win32AudioHelpers.h">
      <Filter>Header Files</Filter>
    </ClInclude>
    <ClInclude Include="Audio\SoundLoaders.h">
      <Filter>Header Files</Filter>
    </ClInclude>
    <ClInclude Include="Audio\ISoundInstance.h">
      <Filter>Header Files</Filter>
    </ClInclude>
    <ClInclude Include="FileManagement\Win32DataStream.h">
      <Filter>Header Files</Filter>
    </ClInclude>
    <ClInclude Include="Platforms\PlatformCommon.h">
      <Filter>Header Files</Filter>
    </ClInclude>
    <ClInclude Include="Platforms\IPlatform.h">
      <Filter>Header Files</Filter>
    </ClInclude>
    <ClInclude Include="Platforms\Win32Platform.h">
      <Filter>Header Files</Filter>
    </ClInclude>
  </ItemGroup>
  <ItemGroup>
    <None Include="Libraries\Bullet_2_81\lib\Debug\bulletcollision_debug.pdb" />
    <None Include="Libraries\Bullet_2_81\lib\Debug\bulletdynamics_debug.pdb" />
    <None Include="Libraries\Bullet_2_81\lib\Debug\bulletmultithreaded_debug.pdb" />
    <None Include="Libraries\Bullet_2_81\lib\Debug\bulletsoftbody_debug.pdb" />
    <None Include="Libraries\Bullet_2_81\lib\Debug\bulletsoftbodysolvers_dx11_debug.pdb" />
    <None Include="Libraries\Bullet_2_81\lib\Debug\bulletsoftbodysolvers_opencl_mini_debug.pdb" />
    <None Include="Libraries\Bullet_2_81\lib\Debug\linearmath_debug.pdb" />
    <None Include="Libraries\Bullet_2_81\lib\Debug\minicl_debug.pdb" />
    <None Include="Libraries\Assimp\color4.inl">
      <Filter>Header Files</Filter>
    </None>
    <None Include="Libraries\Assimp\material.inl">
      <Filter>Header Files</Filter>
    </None>
    <None Include="Libraries\Assimp\matrix3x3.inl">
      <Filter>Header Files</Filter>
    </None>
    <None Include="Libraries\Assimp\matrix4x4.inl">
      <Filter>Header Files</Filter>
    </None>
    <None Include="Libraries\Assimp\quaternion.inl">
      <Filter>Header Files</Filter>
    </None>
    <None Include="Libraries\Assimp\vector2.inl">
      <Filter>Header Files</Filter>
    </None>
    <None Include="Libraries\Assimp\vector3.inl">
      <Filter>Header Files</Filter>
    </None>
    <None Include="Libraries\Zlib\zlibstaticd.pdb" />
    <None Include="Shaders\Basic\Color.fp" />
    <None Include="Shaders\Basic\Color.vp" />
    <None Include="Shaders\Basic\Diffuse.fp" />
    <None Include="Shaders\Basic\Diffuse.vp" />
    <None Include="Shaders\Basic\DiffuseTextured.fp" />
    <None Include="Shaders\Basic\DiffuseTextured.vp" />
    <None Include="Shaders\Basic\Text.fp" />
    <None Include="Shaders\Basic\Text.vp" />
    <None Include="Shaders\Basic\TextureUnshaded.fp" />
    <None Include="Shaders\Basic\TextureUnshaded.vp" />
    <None Include="Shaders\Debug\DebugDispNormals.fp" />
    <None Include="Shaders\Debug\DebugDispNormals.vp" />
    <None Include="Shaders\Debug\DebugWireframe.fp" />
    <None Include="Shaders\Debug\DebugWireframe.vp" />
  </ItemGroup>
  <ItemGroup>
    <Library Include="Libraries\Bullet_2_81\lib\Debug\BulletCollision_Debug.lib" />
    <Library Include="Libraries\Bullet_2_81\lib\Debug\BulletDynamics_Debug.lib" />
    <Library Include="Libraries\Bullet_2_81\lib\Debug\BulletMultiThreaded_Debug.lib" />
    <Library Include="Libraries\Bullet_2_81\lib\Debug\BulletSoftBody_Debug.lib" />
    <Library Include="Libraries\Bullet_2_81\lib\Debug\BulletSoftBodySolvers_DX11_Debug.lib" />
    <Library Include="Libraries\Bullet_2_81\lib\Debug\BulletSoftBodySolvers_OpenCL_Mini_Debug.lib" />
    <Library Include="Libraries\Bullet_2_81\lib\Debug\LinearMath_Debug.lib" />
    <Library Include="Libraries\Bullet_2_81\lib\Debug\MiniCL_Debug.lib" />
    <Library Include="Libraries\Bullet_2_81\lib\Release\BulletCollision.lib" />
    <Library Include="Libraries\Bullet_2_81\lib\Release\BulletDynamics.lib" />
    <Library Include="Libraries\Bullet_2_81\lib\Release\BulletMultiThreaded.lib" />
    <Library Include="Libraries\Bullet_2_81\lib\Release\BulletSoftBody.lib" />
    <Library Include="Libraries\Bullet_2_81\lib\Release\BulletSoftBodySolvers_DX11.lib" />
    <Library Include="Libraries\Bullet_2_81\lib\Release\BulletSoftBodySolvers_OpenCL_Mini.lib" />
    <Library Include="Libraries\Bullet_2_81\lib\Release\LinearMath.lib" />
    <Library Include="Libraries\Bullet_2_81\lib\Release\MiniCL.lib" />
    <Library Include="Libraries\Assimp\assimpD.lib" />
    <Library Include="Libraries\Assimp\zlibd.lib" />
    <Library Include="Libraries\Assimp\assimp.lib" />
    <Library Include="Libraries\Assimp\zlib.lib" />
    <Library Include="Libraries\Zlib\zlibstatic.lib" />
    <Library Include="Libraries\Zlib\zlibstaticd.lib" />
    <Library Include="Libraries\PNG++\libpng16.lib" />
    <Library Include="Libraries\FreeType_2_5_0_1\freetype250MT.lib" />
    <Library Include="Libraries\FreeType_2_5_0_1\freetype250ST.lib" />
  </ItemGroup>
</Project>